// !$*UTF8*$!
{
	archiveVersion = 1;
	classes = {
	};
	objectVersion = 55;
	objects = {

/* Begin PBXBuildFile section */
		62DF5D9A27E26C2E00D32844 /* SwiftCurrent in Frameworks */ = {isa = PBXBuildFile; productRef = 62DF5D9927E26C2E00D32844 /* SwiftCurrent */; };
		62DF5D9C27E26C2E00D32844 /* SwiftCurrent_SwiftUI in Frameworks */ = {isa = PBXBuildFile; productRef = 62DF5D9B27E26C2E00D32844 /* SwiftCurrent_SwiftUI */; };
		62DF5D9E27E26CB200D32844 /* spec.json in Resources */ = {isa = PBXBuildFile; fileRef = 62DF5D9D27E26CB200D32844 /* spec.json */; };
		62DF5DA027E26FB900D32844 /* OnboardingView.swift in Sources */ = {isa = PBXBuildFile; fileRef = 62DF5D9F27E26FB900D32844 /* OnboardingView.swift */; };
		62DF5DA227E284AF00D32844 /* ThirdView.swift in Sources */ = {isa = PBXBuildFile; fileRef = 62DF5DA127E284AF00D32844 /* ThirdView.swift */; };
		62E8708F27E247C7002707AB /* DataDrivenSwiftUIApp.swift in Sources */ = {isa = PBXBuildFile; fileRef = 62E8708E27E247C7002707AB /* DataDrivenSwiftUIApp.swift */; };
		62E8709127E247C7002707AB /* ContentView.swift in Sources */ = {isa = PBXBuildFile; fileRef = 62E8709027E247C7002707AB /* ContentView.swift */; };
		62E8709327E247C8002707AB /* Assets.xcassets in Resources */ = {isa = PBXBuildFile; fileRef = 62E8709227E247C8002707AB /* Assets.xcassets */; };
		62E8709627E247C8002707AB /* Preview Assets.xcassets in Resources */ = {isa = PBXBuildFile; fileRef = 62E8709527E247C8002707AB /* Preview Assets.xcassets */; };
		62E8709D27E248D0002707AB /* AnotherView.swift in Sources */ = {isa = PBXBuildFile; fileRef = 62E8709C27E248D0002707AB /* AnotherView.swift */; };
/* End PBXBuildFile section */

/* Begin PBXFileReference section */
		62DF5D9D27E26CB200D32844 /* spec.json */ = {isa = PBXFileReference; lastKnownFileType = text.json; path = spec.json; sourceTree = "<group>"; };
		62DF5D9F27E26FB900D32844 /* OnboardingView.swift */ = {isa = PBXFileReference; lastKnownFileType = sourcecode.swift; path = OnboardingView.swift; sourceTree = "<group>"; };
		62DF5DA127E284AF00D32844 /* ThirdView.swift */ = {isa = PBXFileReference; lastKnownFileType = sourcecode.swift; path = ThirdView.swift; sourceTree = "<group>"; };
		62E8708B27E247C7002707AB /* DataDrivenSwiftUI.app */ = {isa = PBXFileReference; explicitFileType = wrapper.application; includeInIndex = 0; path = DataDrivenSwiftUI.app; sourceTree = BUILT_PRODUCTS_DIR; };
		62E8708E27E247C7002707AB /* DataDrivenSwiftUIApp.swift */ = {isa = PBXFileReference; lastKnownFileType = sourcecode.swift; path = DataDrivenSwiftUIApp.swift; sourceTree = "<group>"; };
		62E8709027E247C7002707AB /* ContentView.swift */ = {isa = PBXFileReference; lastKnownFileType = sourcecode.swift; path = ContentView.swift; sourceTree = "<group>"; };
		62E8709227E247C8002707AB /* Assets.xcassets */ = {isa = PBXFileReference; lastKnownFileType = folder.assetcatalog; path = Assets.xcassets; sourceTree = "<group>"; };
		62E8709527E247C8002707AB /* Preview Assets.xcassets */ = {isa = PBXFileReference; lastKnownFileType = folder.assetcatalog; path = "Preview Assets.xcassets"; sourceTree = "<group>"; };
		62E8709C27E248D0002707AB /* AnotherView.swift */ = {isa = PBXFileReference; lastKnownFileType = sourcecode.swift; path = AnotherView.swift; sourceTree = "<group>"; };
/* End PBXFileReference section */

/* Begin PBXFrameworksBuildPhase section */
		62E8708827E247C7002707AB /* Frameworks */ = {
			isa = PBXFrameworksBuildPhase;
			buildActionMask = 2147483647;
			files = (
				62DF5D9C27E26C2E00D32844 /* SwiftCurrent_SwiftUI in Frameworks */,
				62DF5D9A27E26C2E00D32844 /* SwiftCurrent in Frameworks */,
			);
			runOnlyForDeploymentPostprocessing = 0;
		};
/* End PBXFrameworksBuildPhase section */

/* Begin PBXGroup section */
		62DF5D9827E26C2E00D32844 /* Frameworks */ = {
			isa = PBXGroup;
			children = (
			);
			name = Frameworks;
			sourceTree = "<group>";
		};
		62E8708227E247C7002707AB = {
			isa = PBXGroup;
			children = (
				62E8708D27E247C7002707AB /* DataDrivenSwiftUI */,
				62E8708C27E247C7002707AB /* Products */,
				62DF5D9827E26C2E00D32844 /* Frameworks */,
			);
			sourceTree = "<group>";
		};
		62E8708C27E247C7002707AB /* Products */ = {
			isa = PBXGroup;
			children = (
				62E8708B27E247C7002707AB /* DataDrivenSwiftUI.app */,
			);
			name = Products;
			sourceTree = "<group>";
		};
		62E8708D27E247C7002707AB /* DataDrivenSwiftUI */ = {
			isa = PBXGroup;
			children = (
				62E8708E27E247C7002707AB /* DataDrivenSwiftUIApp.swift */,
				62DF5D9F27E26FB900D32844 /* OnboardingView.swift */,
				62DF5DA127E284AF00D32844 /* ThirdView.swift */,
				62E8709027E247C7002707AB /* ContentView.swift */,
				62E8709C27E248D0002707AB /* AnotherView.swift */,
				62E8709227E247C8002707AB /* Assets.xcassets */,
				62E8709427E247C8002707AB /* Preview Content */,
				62DF5D9D27E26CB200D32844 /* spec.json */,
			);
			path = DataDrivenSwiftUI;
			sourceTree = "<group>";
		};
		62E8709427E247C8002707AB /* Preview Content */ = {
			isa = PBXGroup;
			children = (
				62E8709527E247C8002707AB /* Preview Assets.xcassets */,
			);
			path = "Preview Content";
			sourceTree = "<group>";
		};
/* End PBXGroup section */

/* Begin PBXNativeTarget section */
		62E8708A27E247C7002707AB /* DataDrivenSwiftUI */ = {
			isa = PBXNativeTarget;
			buildConfigurationList = 62E8709927E247C8002707AB /* Build configuration list for PBXNativeTarget "DataDrivenSwiftUI" */;
			buildPhases = (
				62E8708727E247C7002707AB /* Sources */,
				62E8708827E247C7002707AB /* Frameworks */,
				62E8708927E247C7002707AB /* Resources */,
			);
			buildRules = (
			);
			dependencies = (
			);
			name = DataDrivenSwiftUI;
			packageProductDependencies = (
				62DF5D9927E26C2E00D32844 /* SwiftCurrent */,
				62DF5D9B27E26C2E00D32844 /* SwiftCurrent_SwiftUI */,
			);
			productName = DataDrivenSwiftUI;
			productReference = 62E8708B27E247C7002707AB /* DataDrivenSwiftUI.app */;
			productType = "com.apple.product-type.application";
		};
/* End PBXNativeTarget section */

/* Begin PBXProject section */
		62E8708327E247C7002707AB /* Project object */ = {
			isa = PBXProject;
			attributes = {
				BuildIndependentTargetsInParallel = 1;
				LastSwiftUpdateCheck = 1330;
				LastUpgradeCheck = 1330;
				TargetAttributes = {
					62E8708A27E247C7002707AB = {
						CreatedOnToolsVersion = 13.3;
					};
				};
			};
			buildConfigurationList = 62E8708627E247C7002707AB /* Build configuration list for PBXProject "DataDrivenSwiftUI" */;
			compatibilityVersion = "Xcode 13.0";
			developmentRegion = en;
			hasScannedForEncodings = 0;
			knownRegions = (
				en,
				Base,
			);
			mainGroup = 62E8708227E247C7002707AB;
			packageReferences = (
			);
			productRefGroup = 62E8708C27E247C7002707AB /* Products */;
			projectDirPath = "";
			projectRoot = "";
			targets = (
				62E8708A27E247C7002707AB /* DataDrivenSwiftUI */,
			);
		};
/* End PBXProject section */

/* Begin PBXResourcesBuildPhase section */
		62E8708927E247C7002707AB /* Resources */ = {
			isa = PBXResourcesBuildPhase;
			buildActionMask = 2147483647;
			files = (
				62E8709627E247C8002707AB /* Preview Assets.xcassets in Resources */,
				62DF5D9E27E26CB200D32844 /* spec.json in Resources */,
				62E8709327E247C8002707AB /* Assets.xcassets in Resources */,
			);
			runOnlyForDeploymentPostprocessing = 0;
		};
/* End PBXResourcesBuildPhase section */

/* Begin PBXSourcesBuildPhase section */
		62E8708727E247C7002707AB /* Sources */ = {
			isa = PBXSourcesBuildPhase;
			buildActionMask = 2147483647;
			files = (
				62E8709D27E248D0002707AB /* AnotherView.swift in Sources */,
				62DF5DA227E284AF00D32844 /* ThirdView.swift in Sources */,
				62DF5DA027E26FB900D32844 /* OnboardingView.swift in Sources */,
				62E8709127E247C7002707AB /* ContentView.swift in Sources */,
				62E8708F27E247C7002707AB /* DataDrivenSwiftUIApp.swift in Sources */,
			);
			runOnlyForDeploymentPostprocessing = 0;
		};
/* End PBXSourcesBuildPhase section */

/* Begin XCBuildConfiguration section */
		62E8709727E247C8002707AB /* Debug */ = {
			isa = XCBuildConfiguration;
			buildSettings = {
				ALWAYS_SEARCH_USER_PATHS = NO;
				CLANG_ANALYZER_NONNULL = YES;
				CLANG_ANALYZER_NUMBER_OBJECT_CONVERSION = YES_AGGRESSIVE;
				CLANG_CXX_LANGUAGE_STANDARD = "gnu++17";
				CLANG_ENABLE_MODULES = YES;
				CLANG_ENABLE_OBJC_ARC = YES;
				CLANG_ENABLE_OBJC_WEAK = YES;
				CLANG_WARN_BLOCK_CAPTURE_AUTORELEASING = YES;
				CLANG_WARN_BOOL_CONVERSION = YES;
				CLANG_WARN_COMMA = YES;
				CLANG_WARN_CONSTANT_CONVERSION = YES;
				CLANG_WARN_DEPRECATED_OBJC_IMPLEMENTATIONS = YES;
				CLANG_WARN_DIRECT_OBJC_ISA_USAGE = YES_ERROR;
				CLANG_WARN_DOCUMENTATION_COMMENTS = YES;
				CLANG_WARN_EMPTY_BODY = YES;
				CLANG_WARN_ENUM_CONVERSION = YES;
				CLANG_WARN_INFINITE_RECURSION = YES;
				CLANG_WARN_INT_CONVERSION = YES;
				CLANG_WARN_NON_LITERAL_NULL_CONVERSION = YES;
				CLANG_WARN_OBJC_IMPLICIT_RETAIN_SELF = YES;
				CLANG_WARN_OBJC_LITERAL_CONVERSION = YES;
				CLANG_WARN_OBJC_ROOT_CLASS = YES_ERROR;
				CLANG_WARN_QUOTED_INCLUDE_IN_FRAMEWORK_HEADER = YES;
				CLANG_WARN_RANGE_LOOP_ANALYSIS = YES;
				CLANG_WARN_STRICT_PROTOTYPES = YES;
				CLANG_WARN_SUSPICIOUS_MOVE = YES;
				CLANG_WARN_UNGUARDED_AVAILABILITY = YES_AGGRESSIVE;
				CLANG_WARN_UNREACHABLE_CODE = YES;
				CLANG_WARN__DUPLICATE_METHOD_MATCH = YES;
				COPY_PHASE_STRIP = NO;
				DEBUG_INFORMATION_FORMAT = dwarf;
				ENABLE_STRICT_OBJC_MSGSEND = YES;
				ENABLE_TESTABILITY = YES;
				GCC_C_LANGUAGE_STANDARD = gnu11;
				GCC_DYNAMIC_NO_PIC = NO;
				GCC_NO_COMMON_BLOCKS = YES;
				GCC_OPTIMIZATION_LEVEL = 0;
				GCC_PREPROCESSOR_DEFINITIONS = (
					"DEBUG=1",
					"$(inherited)",
				);
				GCC_WARN_64_TO_32_BIT_CONVERSION = YES;
				GCC_WARN_ABOUT_RETURN_TYPE = YES_ERROR;
				GCC_WARN_UNDECLARED_SELECTOR = YES;
				GCC_WARN_UNINITIALIZED_AUTOS = YES_AGGRESSIVE;
				GCC_WARN_UNUSED_FUNCTION = YES;
				GCC_WARN_UNUSED_VARIABLE = YES;
				IPHONEOS_DEPLOYMENT_TARGET = 15.4;
				MTL_ENABLE_DEBUG_INFO = INCLUDE_SOURCE;
				MTL_FAST_MATH = YES;
				ONLY_ACTIVE_ARCH = YES;
				SDKROOT = iphoneos;
				SWIFT_ACTIVE_COMPILATION_CONDITIONS = DEBUG;
				SWIFT_OPTIMIZATION_LEVEL = "-Onone";
			};
			name = Debug;
		};
		62E8709827E247C8002707AB /* Release */ = {
			isa = XCBuildConfiguration;
			buildSettings = {
				ALWAYS_SEARCH_USER_PATHS = NO;
				CLANG_ANALYZER_NONNULL = YES;
				CLANG_ANALYZER_NUMBER_OBJECT_CONVERSION = YES_AGGRESSIVE;
				CLANG_CXX_LANGUAGE_STANDARD = "gnu++17";
				CLANG_ENABLE_MODULES = YES;
				CLANG_ENABLE_OBJC_ARC = YES;
				CLANG_ENABLE_OBJC_WEAK = YES;
				CLANG_WARN_BLOCK_CAPTURE_AUTORELEASING = YES;
				CLANG_WARN_BOOL_CONVERSION = YES;
				CLANG_WARN_COMMA = YES;
				CLANG_WARN_CONSTANT_CONVERSION = YES;
				CLANG_WARN_DEPRECATED_OBJC_IMPLEMENTATIONS = YES;
				CLANG_WARN_DIRECT_OBJC_ISA_USAGE = YES_ERROR;
				CLANG_WARN_DOCUMENTATION_COMMENTS = YES;
				CLANG_WARN_EMPTY_BODY = YES;
				CLANG_WARN_ENUM_CONVERSION = YES;
				CLANG_WARN_INFINITE_RECURSION = YES;
				CLANG_WARN_INT_CONVERSION = YES;
				CLANG_WARN_NON_LITERAL_NULL_CONVERSION = YES;
				CLANG_WARN_OBJC_IMPLICIT_RETAIN_SELF = YES;
				CLANG_WARN_OBJC_LITERAL_CONVERSION = YES;
				CLANG_WARN_OBJC_ROOT_CLASS = YES_ERROR;
				CLANG_WARN_QUOTED_INCLUDE_IN_FRAMEWORK_HEADER = YES;
				CLANG_WARN_RANGE_LOOP_ANALYSIS = YES;
				CLANG_WARN_STRICT_PROTOTYPES = YES;
				CLANG_WARN_SUSPICIOUS_MOVE = YES;
				CLANG_WARN_UNGUARDED_AVAILABILITY = YES_AGGRESSIVE;
				CLANG_WARN_UNREACHABLE_CODE = YES;
				CLANG_WARN__DUPLICATE_METHOD_MATCH = YES;
				COPY_PHASE_STRIP = NO;
				DEBUG_INFORMATION_FORMAT = "dwarf-with-dsym";
				ENABLE_NS_ASSERTIONS = NO;
				ENABLE_STRICT_OBJC_MSGSEND = YES;
				GCC_C_LANGUAGE_STANDARD = gnu11;
				GCC_NO_COMMON_BLOCKS = YES;
				GCC_WARN_64_TO_32_BIT_CONVERSION = YES;
				GCC_WARN_ABOUT_RETURN_TYPE = YES_ERROR;
				GCC_WARN_UNDECLARED_SELECTOR = YES;
				GCC_WARN_UNINITIALIZED_AUTOS = YES_AGGRESSIVE;
				GCC_WARN_UNUSED_FUNCTION = YES;
				GCC_WARN_UNUSED_VARIABLE = YES;
				IPHONEOS_DEPLOYMENT_TARGET = 15.4;
				MTL_ENABLE_DEBUG_INFO = NO;
				MTL_FAST_MATH = YES;
				SDKROOT = iphoneos;
				SWIFT_COMPILATION_MODE = wholemodule;
				SWIFT_OPTIMIZATION_LEVEL = "-O";
				VALIDATE_PRODUCT = YES;
			};
			name = Release;
		};
		62E8709A27E247C8002707AB /* Debug */ = {
			isa = XCBuildConfiguration;
			buildSettings = {
				ASSETCATALOG_COMPILER_APPICON_NAME = AppIcon;
				ASSETCATALOG_COMPILER_GLOBAL_ACCENT_COLOR_NAME = AccentColor;
				CODE_SIGN_STYLE = Automatic;
				CURRENT_PROJECT_VERSION = 1;
				DEVELOPMENT_ASSET_PATHS = "\"DataDrivenSwiftUI/Preview Content\"";
				DEVELOPMENT_TEAM = KRX3M99K22;
				ENABLE_PREVIEWS = YES;
				GENERATE_INFOPLIST_FILE = YES;
				INFOPLIST_KEY_UIApplicationSceneManifest_Generation = YES;
				INFOPLIST_KEY_UIApplicationSupportsIndirectInputEvents = YES;
				INFOPLIST_KEY_UILaunchScreen_Generation = YES;
				INFOPLIST_KEY_UISupportedInterfaceOrientations_iPad = "UIInterfaceOrientationPortrait UIInterfaceOrientationPortraitUpsideDown UIInterfaceOrientationLandscapeLeft UIInterfaceOrientationLandscapeRight";
				INFOPLIST_KEY_UISupportedInterfaceOrientations_iPhone = "UIInterfaceOrientationPortrait UIInterfaceOrientationLandscapeLeft UIInterfaceOrientationLandscapeRight";
				IPHONEOS_DEPLOYMENT_TARGET = 15.0;
				LD_RUNPATH_SEARCH_PATHS = (
					"$(inherited)",
					"@executable_path/Frameworks",
				);
				MARKETING_VERSION = 1.0;
				PRODUCT_BUNDLE_IDENTIFIER = WWT.DataDrivenSwiftUI;
				PRODUCT_NAME = DataDrivenSwiftUI;
				SWIFT_EMIT_LOC_STRINGS = YES;
				SWIFT_VERSION = 5.0;
				TARGETED_DEVICE_FAMILY = "1,2";
			};
			name = Debug;
		};
		62E8709B27E247C8002707AB /* Release */ = {
			isa = XCBuildConfiguration;
			buildSettings = {
				ASSETCATALOG_COMPILER_APPICON_NAME = AppIcon;
				ASSETCATALOG_COMPILER_GLOBAL_ACCENT_COLOR_NAME = AccentColor;
				CODE_SIGN_STYLE = Automatic;
				CURRENT_PROJECT_VERSION = 1;
				DEVELOPMENT_ASSET_PATHS = "\"DataDrivenSwiftUI/Preview Content\"";
				DEVELOPMENT_TEAM = KRX3M99K22;
				ENABLE_PREVIEWS = YES;
				GENERATE_INFOPLIST_FILE = YES;
				INFOPLIST_KEY_UIApplicationSceneManifest_Generation = YES;
				INFOPLIST_KEY_UIApplicationSupportsIndirectInputEvents = YES;
				INFOPLIST_KEY_UILaunchScreen_Generation = YES;
				INFOPLIST_KEY_UISupportedInterfaceOrientations_iPad = "UIInterfaceOrientationPortrait UIInterfaceOrientationPortraitUpsideDown UIInterfaceOrientationLandscapeLeft UIInterfaceOrientationLandscapeRight";
				INFOPLIST_KEY_UISupportedInterfaceOrientations_iPhone = "UIInterfaceOrientationPortrait UIInterfaceOrientationLandscapeLeft UIInterfaceOrientationLandscapeRight";
				IPHONEOS_DEPLOYMENT_TARGET = 15.0;
				LD_RUNPATH_SEARCH_PATHS = (
					"$(inherited)",
					"@executable_path/Frameworks",
				);
				MARKETING_VERSION = 1.0;
				PRODUCT_BUNDLE_IDENTIFIER = WWT.DataDrivenSwiftUI;
				PRODUCT_NAME = DataDrivenSwiftUI;
				SWIFT_EMIT_LOC_STRINGS = YES;
				SWIFT_VERSION = 5.0;
				TARGETED_DEVICE_FAMILY = "1,2";
			};
			name = Release;
		};
/* End XCBuildConfiguration section */

/* Begin XCConfigurationList section */
		62E8708627E247C7002707AB /* Build configuration list for PBXProject "DataDrivenSwiftUI" */ = {
			isa = XCConfigurationList;
			buildConfigurations = (
				62E8709727E247C8002707AB /* Debug */,
				62E8709827E247C8002707AB /* Release */,
			);
			defaultConfigurationIsVisible = 0;
			defaultConfigurationName = Release;
		};
		62E8709927E247C8002707AB /* Build configuration list for PBXNativeTarget "DataDrivenSwiftUI" */ = {
			isa = XCConfigurationList;
			buildConfigurations = (
				62E8709A27E247C8002707AB /* Debug */,
				62E8709B27E247C8002707AB /* Release */,
			);
			defaultConfigurationIsVisible = 0;
			defaultConfigurationName = Release;
		};
/* End XCConfigurationList section */

/* Begin XCSwiftPackageProductDependency section */
		62DF5D9927E26C2E00D32844 /* SwiftCurrent */ = {
			isa = XCSwiftPackageProductDependency;
			productName = SwiftCurrent;
		};
		62DF5D9B27E26C2E00D32844 /* SwiftCurrent_SwiftUI */ = {
			isa = XCSwiftPackageProductDependency;
			productName = SwiftCurrent_SwiftUI;
		};
/* End XCSwiftPackageProductDependency section */
	};
	rootObject = 62E8708327E247C7002707AB /* Project object */;
}
