PODS:
  - CwlCatchException (1.0.2)
  - CwlPreconditionTesting (1.1.1):
    - CwlCatchException
  - DynamicWorkflow (0.0.16)
  - UIUTest (1.6.0)

DEPENDENCIES:
  - CwlCatchException (from `https://github.com/mattgallagher/CwlCatchException.git`, tag `1.2.0`)
  - CwlPreconditionTesting (from `https://github.com/mattgallagher/CwlPreconditionTesting.git`, tag `1.2.0`)
  - DynamicWorkflow (from `.`)
  - UIUTest

SPEC REPOS:
  trunk:
    - UIUTest

EXTERNAL SOURCES:
  CwlCatchException:
    :git: https://github.com/mattgallagher/CwlCatchException.git
    :tag: 1.2.0
  CwlPreconditionTesting:
    :git: https://github.com/mattgallagher/CwlPreconditionTesting.git
    :tag: 1.2.0
  DynamicWorkflow:
    :path: "."

CHECKOUT OPTIONS:
  CwlCatchException:
    :git: https://github.com/mattgallagher/CwlCatchException.git
    :tag: 1.2.0
  CwlPreconditionTesting:
    :git: https://github.com/mattgallagher/CwlPreconditionTesting.git
    :tag: 1.2.0

SPEC CHECKSUMS:
  CwlCatchException: 70a52ae44ea5d46db7bd385f801a94942420cd8c
  CwlPreconditionTesting: d33a4e4f285c0b885fddcae5dfedfbb34d4f3961
  DynamicWorkflow: 46751cc691d450645bf2fb08dfa6058c8bdee692
  UIUTest: 842c642e5bec098b1e2c890cbe25aacab80f2481

PODFILE CHECKSUM: 5f55f064de83e2e4f31f04427448900a8e9571f2

COCOAPODS: 1.8.4
