PODS:
  - CwlCatchException (1.0.2)
  - CwlPreconditionTesting (1.1.1):
    - CwlCatchException
  - DynamicWorkflow (0.0.22):
    - DynamicWorkflow/Swinject (= 0.0.22)
  - DynamicWorkflow/Swinject (0.0.22):
    - Swinject
  - Swinject (2.7.1)
  - UIUTest (1.6.0)

DEPENDENCIES:
  - CwlCatchException (from `https://github.com/mattgallagher/CwlCatchException.git`, tag `1.2.0`)
  - CwlPreconditionTesting (from `https://github.com/mattgallagher/CwlPreconditionTesting.git`, tag `1.2.0`)
  - DynamicWorkflow (from `.`)
  - DynamicWorkflow/Swinject (from `.`)
  - Swinject
  - UIUTest

SPEC REPOS:
  trunk:
    - Swinject
    - UIUTest

EXTERNAL SOURCES:
  CwlCatchException:
    :git: https://github.com/mattgallagher/CwlCatchException.git
    :tag: 1.2.0
  CwlPreconditionTesting:
    :git: https://github.com/mattgallagher/CwlPreconditionTesting.git
    :tag: 1.2.0
  DynamicWorkflow:
    :path: "."

CHECKOUT OPTIONS:
  CwlCatchException:
    :git: https://github.com/mattgallagher/CwlCatchException.git
    :tag: 1.2.0
  CwlPreconditionTesting:
    :git: https://github.com/mattgallagher/CwlPreconditionTesting.git
    :tag: 1.2.0

SPEC CHECKSUMS:
  CwlCatchException: 70a52ae44ea5d46db7bd385f801a94942420cd8c
  CwlPreconditionTesting: d33a4e4f285c0b885fddcae5dfedfbb34d4f3961
  DynamicWorkflow: 0c5f15395bf97f214029c7d458fb25db6adb6ab6
  Swinject: ddf78b8486dd9b71a667b852cad919ab4484478e
  UIUTest: 842c642e5bec098b1e2c890cbe25aacab80f2481

PODFILE CHECKSUM: 9446e19cd304190fb0bff5ec8aefc4f0e183127b

COCOAPODS: 1.8.4
