<?xml version="1.0" encoding="UTF-8"?>
<Scheme
   LastUpgradeVersion = "1420"
   version = "1.3">
   <BuildAction
      parallelizeBuildables = "YES"
      buildImplicitDependencies = "YES">
      <BuildActionEntries>
         <BuildActionEntry
            buildForTesting = "YES"
            buildForRunning = "YES"
            buildForProfiling = "YES"
            buildForArchiving = "YES"
            buildForAnalyzing = "YES">
            <BuildableReference
               BuildableIdentifier = "primary"
               BlueprintIdentifier = "SwiftCurrent_SwiftUI"
               BuildableName = "SwiftCurrent_SwiftUI"
               BlueprintName = "SwiftCurrent_SwiftUI"
               ReferencedContainer = "container:">
            </BuildableReference>
         </BuildActionEntry>
         <BuildActionEntry
            buildForTesting = "YES"
            buildForRunning = "YES"
            buildForProfiling = "YES"
            buildForArchiving = "YES"
            buildForAnalyzing = "YES">
            <BuildableReference
               BuildableIdentifier = "primary"
               BlueprintIdentifier = "CA185E11256DD2F3008C9143"
               BuildableName = "libSwiftCurrentLint.a"
               BlueprintName = "SwiftCurrentLint"
               ReferencedContainer = "container:.github/SwiftCurrentLint/SwiftCurrentLint.xcodeproj">
            </BuildableReference>
         </BuildActionEntry>
      </BuildActionEntries>
   </BuildAction>
   <TestAction
      buildConfiguration = "Debug"
      selectedDebuggerIdentifier = "Xcode.DebuggerFoundation.Debugger.LLDB"
      selectedLauncherIdentifier = "Xcode.DebuggerFoundation.Launcher.LLDB"
      shouldUseLaunchSchemeArgsEnv = "YES"
      codeCoverageEnabled = "YES">
      <Testables>
         <TestableReference
            skipped = "NO">
            <BuildableReference
               BuildableIdentifier = "primary"
               BlueprintIdentifier = "SwiftCurrent-SwiftUITests"
               BuildableName = "SwiftCurrent-SwiftUITests"
               BlueprintName = "SwiftCurrent-SwiftUITests"
               ReferencedContainer = "container:">
            </BuildableReference>
            <SkippedTests>
               <Test
                  Identifier = "AnyFlowRepresentableViewTests">
               </Test>
               <Test
                  Identifier = "AnyWorkflowTests">
               </Test>
               <Test
                  Identifier = "GenericConstraintTests/testCreatingMalformedWorkflowWithMismatchingConcreteTypes()">
               </Test>
               <Test
                  Identifier = "GenericConstraintTests/testProceedingTwiceWhenInputIsConcreteTypeWithClosureFlowPersistence_WorkflowCanProceedToNeverItem()">
               </Test>
               <Test
                  Identifier = "GenericConstraintTests/testProceedingWhenInputIsAnyWorkflowPassedArgsWithAutoclosureFlowPersistence_WorkflowCanProceedToADifferentInputTypeItem()">
               </Test>
               <Test
                  Identifier = "GenericConstraintTests/testProceedingWhenInputIsAnyWorkflowPassedArgsWithAutoclosureFlowPersistence_WorkflowCanProceedToAnAnyWorkflowPassedArgsItem()">
               </Test>
               <Test
                  Identifier = "GenericConstraintTests/testProceedingWhenInputIsAnyWorkflowPassedArgsWithAutoclosureFlowPersistence_WorkflowCanProceedToNeverItem()">
               </Test>
               <Test
                  Identifier = "GenericConstraintTests/testProceedingWhenInputIsAnyWorkflowPassedArgsWithClosureFlowPersistence_WorkflowCanProceedToADifferentInputTypeItem()">
               </Test>
               <Test
                  Identifier = "GenericConstraintTests/testProceedingWhenInputIsAnyWorkflowPassedArgsWithClosureFlowPersistence_WorkflowCanProceedToAnAnyWorkflowPassedArgsItem()">
               </Test>
               <Test
                  Identifier = "GenericConstraintTests/testProceedingWhenInputIsAnyWorkflowPassedArgsWithClosureFlowPersistence_WorkflowCanProceedToNeverItem()">
               </Test>
               <Test
                  Identifier = "GenericConstraintTests/testProceedingWhenInputIsAnyWorkflowPassedArgs_FlowPersistenceCanBeSetWithAutoclosure()">
               </Test>
               <Test
                  Identifier = "GenericConstraintTests/testProceedingWhenInputIsAnyWorkflowPassedArgs_FlowPersistenceCanBeSetWithClosure()">
               </Test>
               <Test
                  Identifier = "GenericConstraintTests/testProceedingWhenInputIsConcreteTypeArgsWithDefaultFlowPersistence_WorkflowCanProceedToADifferentInputTypeItem()">
               </Test>
               <Test
                  Identifier = "GenericConstraintTests/testProceedingWhenInputIsConcreteTypeArgsWithDefaultFlowPersistence_WorkflowCanProceedToTheSameInputTypeItem()">
               </Test>
               <Test
                  Identifier = "GenericConstraintTests/testProceedingWhenInputIsConcreteTypeWithAutoclosureFlowPersistence_WorkflowCanProceedToADifferentInputTypeItem()">
               </Test>
               <Test
                  Identifier = "GenericConstraintTests/testProceedingWhenInputIsConcreteTypeWithAutoclosureFlowPersistence_WorkflowCanProceedToAnAnyWorkflowPassedArgsItem()">
               </Test>
               <Test
                  Identifier = "GenericConstraintTests/testProceedingWhenInputIsConcreteTypeWithAutoclosureFlowPersistence_WorkflowCanProceedToNeverItem()">
               </Test>
               <Test
                  Identifier = "GenericConstraintTests/testProceedingWhenInputIsConcreteTypeWithAutoclosureFlowPersistence_WorkflowCanProceedToTheSameInputTypeItem()">
               </Test>
               <Test
                  Identifier = "GenericConstraintTests/testProceedingWhenInputIsConcreteTypeWithClosureFlowPersistence_WorkflowCanProceedToADifferentInputTypeItem()">
               </Test>
               <Test
                  Identifier = "GenericConstraintTests/testProceedingWhenInputIsConcreteTypeWithClosureFlowPersistence_WorkflowCanProceedToAnAnyWorkflowPassedArgsItem()">
               </Test>
               <Test
                  Identifier = "GenericConstraintTests/testProceedingWhenInputIsConcreteTypeWithClosureFlowPersistence_WorkflowCanProceedToAnyWorkflowPassedArgsItem()">
               </Test>
               <Test
                  Identifier = "GenericConstraintTests/testProceedingWhenInputIsConcreteTypeWithClosureFlowPersistence_WorkflowCanProceedToNeverItem()">
               </Test>
               <Test
                  Identifier = "GenericConstraintTests/testProceedingWhenInputIsConcreteTypeWithClosureFlowPersistence_WorkflowCanProceedToTheSameInputTypeItem()">
               </Test>
               <Test
                  Identifier = "GenericConstraintTests/testProceedingWhenInputIsConcreteTypeWithDefaultFlowPersistence_WorkflowCanProceedToAnAnyWorkflowPassedArgsItem()">
               </Test>
               <Test
                  Identifier = "GenericConstraintTests/testProceedingWhenInputIsConcreteTypeWithDefaultFlowPersistence_WorkflowCanProceedToNeverItem()">
               </Test>
               <Test
                  Identifier = "GenericConstraintTests/testProceedingWhenInputIsConcreteType_FlowPersistenceCanBeSetWithAutoclosure()">
               </Test>
               <Test
                  Identifier = "GenericConstraintTests/testProceedingWhenInputIsConcreteType_FlowPersistenceCanBeSetWithClosure()">
               </Test>
               <Test
                  Identifier = "GenericConstraintTests/testProceedingWhenInputIsNeverWithAutoclosureFlowPersistence_WorkflowCanProceedToADifferentInputTypeItem()">
               </Test>
               <Test
                  Identifier = "GenericConstraintTests/testProceedingWhenInputIsNeverWithAutoclosureFlowPersistence_WorkflowCanProceedToAnAnyWorkflowPassedArgsItem()">
               </Test>
               <Test
                  Identifier = "GenericConstraintTests/testProceedingWhenInputIsNeverWithAutoclosureFlowPersistence_WorkflowCanProceedToAnotherNeverItem()">
               </Test>
               <Test
                  Identifier = "GenericConstraintTests/testProceedingWhenInputIsNeverWithClosureFlowPersistence_WorkflowCanProceedToADifferentInputTypeItem()">
               </Test>
               <Test
                  Identifier = "GenericConstraintTests/testProceedingWhenInputIsNeverWithClosureFlowPersistence_WorkflowCanProceedToAnAnyWorkflowPassedArgsItem()">
               </Test>
               <Test
                  Identifier = "GenericConstraintTests/testProceedingWhenInputIsNeverWithClosureFlowPersistence_WorkflowCanProceedToAnotherNeverItem()">
               </Test>
               <Test
                  Identifier = "GenericConstraintTests/testProceedingWhenInputIsNever_FlowPersistenceCanBeSetWithAutoclosure()">
               </Test>
               <Test
                  Identifier = "GenericConstraintTests/testProceedingWhenInputIsNever_FlowPersistenceCanBeSetWithClosure()">
               </Test>
               <Test
                  Identifier = "GenericConstraintTests/testWhenInputIsAnyWorkflowPassedArgsWithAutoclosureFlowPersistence_WorkflowCanProceedToADifferentInputTypeItem()">
               </Test>
               <Test
                  Identifier = "GenericConstraintTests/testWhenInputIsAnyWorkflowPassedArgsWithAutoclosureFlowPersistence_WorkflowCanProceedToAnAnyWorkflowPassedArgsItem()">
               </Test>
               <Test
                  Identifier = "GenericConstraintTests/testWhenInputIsAnyWorkflowPassedArgsWithAutoclosureFlowPersistence_WorkflowCanProceedToNeverItem()">
               </Test>
               <Test
                  Identifier = "GenericConstraintTests/testWhenInputIsAnyWorkflowPassedArgsWithClosureFlowPersistence_WorkflowCanProceedToADifferentInputTypeItem()">
               </Test>
               <Test
                  Identifier = "GenericConstraintTests/testWhenInputIsAnyWorkflowPassedArgsWithClosureFlowPersistence_WorkflowCanProceedToAnAnyWorkflowPassedArgsItem()">
               </Test>
               <Test
                  Identifier = "GenericConstraintTests/testWhenInputIsAnyWorkflowPassedArgsWithClosureFlowPersistence_WorkflowCanProceedToNeverItem()">
               </Test>
               <Test
                  Identifier = "GenericConstraintTests/testWhenInputIsAnyWorkflowPassedArgs_FlowPersistenceCanBeSetWithAutoclosure()">
               </Test>
               <Test
                  Identifier = "GenericConstraintTests/testWhenInputIsAnyWorkflowPassedArgs_FlowPersistenceCanBeSetWithClosure()">
               </Test>
               <Test
                  Identifier = "GenericConstraintTests/testWhenInputIsConcreteTypeWithAutoclosureFlowPersistence_WorkflowCanProceedToADifferentInputTypeItem()">
               </Test>
               <Test
                  Identifier = "GenericConstraintTests/testWhenInputIsConcreteTypeWithAutoclosureFlowPersistence_WorkflowCanProceedToAnAnyWorkflowPassedArgsItem()">
               </Test>
               <Test
                  Identifier = "GenericConstraintTests/testWhenInputIsConcreteTypeWithAutoclosureFlowPersistence_WorkflowCanProceedToNeverItem()">
               </Test>
               <Test
                  Identifier = "GenericConstraintTests/testWhenInputIsConcreteTypeWithAutoclosureFlowPersistence_WorkflowCanProceedToTheSameInputTypeItem()">
               </Test>
               <Test
                  Identifier = "GenericConstraintTests/testWhenInputIsConcreteTypeWithClosureFlowPersistence_WorkflowCanProceedToADifferentInputTypeItem()">
               </Test>
               <Test
                  Identifier = "GenericConstraintTests/testWhenInputIsConcreteTypeWithClosureFlowPersistence_WorkflowCanProceedToAnAnyWorkflowPassedArgsItem()">
               </Test>
               <Test
                  Identifier = "GenericConstraintTests/testWhenInputIsConcreteTypeWithClosureFlowPersistence_WorkflowCanProceedToNeverItem()">
               </Test>
               <Test
                  Identifier = "GenericConstraintTests/testWhenInputIsConcreteTypeWithClosureFlowPersistence_WorkflowCanProceedToTheSameInputTypeItem()">
               </Test>
               <Test
                  Identifier = "GenericConstraintTests/testWhenInputIsConcreteType_FlowPersistenceCanBeSetWithAutoclosure()">
               </Test>
               <Test
                  Identifier = "GenericConstraintTests/testWhenInputIsConcreteType_FlowPersistenceCanBeSetWithClosure()">
               </Test>
               <Test
                  Identifier = "GenericConstraintTests/testWhenInputIsNeverWithAutoclosureFlowPersistence_WorkflowCanProceedToADifferentInputTypeItem()">
               </Test>
               <Test
                  Identifier = "GenericConstraintTests/testWhenInputIsNeverWithAutoclosureFlowPersistence_WorkflowCanProceedToAnAnyWorkflowPassedArgsItem()">
               </Test>
               <Test
                  Identifier = "GenericConstraintTests/testWhenInputIsNeverWithAutoclosureFlowPersistence_WorkflowCanProceedToAnotherNeverItem()">
               </Test>
               <Test
                  Identifier = "GenericConstraintTests/testWhenInputIsNeverWithClosureFlowPersistence_WorkflowCanProceedToADifferentInputTypeItem()">
               </Test>
               <Test
                  Identifier = "GenericConstraintTests/testWhenInputIsNeverWithClosureFlowPersistence_WorkflowCanProceedToAnAnyWorkflowPassedArgsItem()">
               </Test>
               <Test
                  Identifier = "GenericConstraintTests/testWhenInputIsNeverWithClosureFlowPersistence_WorkflowCanProceedToAnotherNeverItem()">
               </Test>
               <Test
                  Identifier = "GenericConstraintTests/testWhenInputIsNever_FlowPersistenceCanBeSetWithAutoclosure()">
               </Test>
               <Test
                  Identifier = "GenericConstraintTests/testWhenInputIsNever_FlowPersistenceCanBeSetWithClosure()">
               </Test>
               <Test
                  Identifier = "LaunchStyleAdditionTests/testKnownPresentationTypes_CanBeDecoded()">
               </Test>
               <Test
                  Identifier = "PersistenceTests">
               </Test>
               <Test
                  Identifier = "SkipTests/testSkippingAllItemsInAWorkflow()">
               </Test>
               <Test
                  Identifier = "SwiftCurrent_ModalTests">
               </Test>
               <Test
                  Identifier = "SwiftCurrent_NavigationLinkTests">
               </Test>
               <Test
                  Identifier = "SwiftCurrent_SwiftUIConsumerTests">
               </Test>
               <Test
                  Identifier = "SwiftCurrent_SwiftUI_WorkflowBuilderArityTests">
               </Test>
               <Test
                  Identifier = "SwiftCurrent_SwiftUI_WorkflowBuilderTests">
               </Test>
               <Test
                  Identifier = "ThenProceedOnAppTests">
               </Test>
               <Test
                  Identifier = "ThenProceedOnSceneTests">
               </Test>
               <Test
                  Identifier = "WorkflowDecodableExtensionsTests">
               </Test>
               <Test
                  Identifier = "WorkflowViewModelTests">
               </Test>
            </SkippedTests>
         </TestableReference>
      </Testables>
   </TestAction>
   <LaunchAction
      buildConfiguration = "Debug"
      selectedDebuggerIdentifier = "Xcode.DebuggerFoundation.Debugger.LLDB"
      selectedLauncherIdentifier = "Xcode.DebuggerFoundation.Launcher.LLDB"
      launchStyle = "0"
      useCustomWorkingDirectory = "NO"
      ignoresPersistentStateOnLaunch = "NO"
      debugDocumentVersioning = "YES"
      debugServiceExtension = "internal"
      allowLocationSimulation = "YES">
   </LaunchAction>
   <ProfileAction
      buildConfiguration = "Release"
      shouldUseLaunchSchemeArgsEnv = "YES"
      savedToolIdentifier = ""
      useCustomWorkingDirectory = "NO"
      debugDocumentVersioning = "YES">
      <MacroExpansion>
         <BuildableReference
            BuildableIdentifier = "primary"
            BlueprintIdentifier = "SwiftCurrent_SwiftUI"
            BuildableName = "SwiftCurrent_SwiftUI"
            BlueprintName = "SwiftCurrent_SwiftUI"
            ReferencedContainer = "container:">
         </BuildableReference>
      </MacroExpansion>
   </ProfileAction>
   <AnalyzeAction
      buildConfiguration = "Debug">
   </AnalyzeAction>
   <ArchiveAction
      buildConfiguration = "Release"
      revealArchiveInOrganizer = "YES">
   </ArchiveAction>
</Scheme>
