<?xml version="1.0" encoding="UTF-8"?>
<Scheme
   LastUpgradeVersion = "1250"
   version = "1.3">
   <BuildAction
      parallelizeBuildables = "YES"
      buildImplicitDependencies = "YES">
      <BuildActionEntries>
         <BuildActionEntry
            buildForTesting = "YES"
            buildForRunning = "YES"
            buildForProfiling = "YES"
            buildForArchiving = "YES"
            buildForAnalyzing = "YES">
            <BuildableReference
               BuildableIdentifier = "primary"
               BlueprintIdentifier = "SwiftCurrent_SwiftUI"
               BuildableName = "SwiftCurrent_SwiftUI"
               BlueprintName = "SwiftCurrent_SwiftUI"
               ReferencedContainer = "container:">
            </BuildableReference>
         </BuildActionEntry>
         <BuildActionEntry
            buildForTesting = "YES"
            buildForRunning = "YES"
            buildForProfiling = "YES"
            buildForArchiving = "YES"
            buildForAnalyzing = "YES">
            <BuildableReference
               BuildableIdentifier = "primary"
               BlueprintIdentifier = "CA185E11256DD2F3008C9143"
               BuildableName = "libSwiftCurrentLint.a"
               BlueprintName = "SwiftCurrentLint"
               ReferencedContainer = "container:.github/SwiftCurrentLint/SwiftCurrentLint.xcodeproj">
            </BuildableReference>
         </BuildActionEntry>
      </BuildActionEntries>
   </BuildAction>
   <TestAction
      buildConfiguration = "Debug"
      selectedDebuggerIdentifier = "Xcode.DebuggerFoundation.Debugger.LLDB"
      selectedLauncherIdentifier = "Xcode.DebuggerFoundation.Launcher.LLDB"
      shouldUseLaunchSchemeArgsEnv = "YES"
      codeCoverageEnabled = "YES">
      <Testables>
         <TestableReference
            skipped = "NO">
            <BuildableReference
               BuildableIdentifier = "primary"
               BlueprintIdentifier = "SwiftCurrent-SwiftUITests"
               BuildableName = "SwiftCurrent-SwiftUITests"
               BlueprintName = "SwiftCurrent-SwiftUITests"
               ReferencedContainer = "container:">
            </BuildableReference>
            <SkippedTests>
               <Test
                  Identifier = "SwiftCurrent_NavigationLinkTests/testLargeWorkflowCanBeFollowed()">
               </Test>
               <Test
                  Identifier = "SwiftCurrent_NavigationLinkTests/testMovingBiDirectionallyInAWorkflow()">
               </Test>
               <Test
                  Identifier = "SwiftCurrent_NavigationLinkTests/testWorkflowCanConvertAnyArgsToCorrectTypeForFirstItem()">
               </Test>
               <Test
                  Identifier = "SwiftCurrent_NavigationLinkTests/testWorkflowCanFinishMultipleTimes()">
               </Test>
               <Test
                  Identifier = "SwiftCurrent_NavigationLinkTests/testWorkflowCanHaveADelayedLaunch()">
               </Test>
               <Test
                  Identifier = "SwiftCurrent_NavigationLinkTests/testWorkflowCanHaveAPassthroughRepresentable()">
               </Test>
               <Test
                  Identifier = "SwiftCurrent_NavigationLinkTests/testWorkflowCanHaveAPassthroughRepresentableInTheMiddle()">
               </Test>
               <Test
                  Identifier = "SwiftCurrent_NavigationLinkTests/testWorkflowCanHaveModifiers()">
               </Test>
               <Test
                  Identifier = "SwiftCurrent_NavigationLinkTests/testWorkflowCanHaveMultipleOnAbandonCallbacks()">
               </Test>
               <Test
                  Identifier = "SwiftCurrent_NavigationLinkTests/testWorkflowCanHaveMultipleOnFinishClosures()">
               </Test>
               <Test
                  Identifier = "SwiftCurrent_NavigationLinkTests/testWorkflowCorrectlyHandlesState()">
               </Test>
               <Test
                  Identifier = "SwiftCurrent_NavigationLinkTests/testWorkflowOnlyShowsOneViewAtATime()">
               </Test>
               <Test
                  Identifier = "SwiftCurrent_NavigationLinkTests/testWorkflowPassesArgumentsToAllItems()">
               </Test>
               <Test
                  Identifier = "SwiftCurrent_NavigationLinkTests/testWorkflowPassesArgumentsToTheFirstItem()">
               </Test>
               <Test
                  Identifier = "SwiftCurrent_NavigationLinkTests/testWorkflowPassesArgumentsToTheFirstItem_WhenThatFirstItemTakesInAnyWorkflowPassedArgs()">
               </Test>
               <Test
                  Identifier = "SwiftCurrent_NavigationLinkTests/testWorkflowPassesArgumentsToTheFirstItem_WhenThatFirstItemTakesInAnyWorkflowPassedArgs_AndTheLaunchArgsAreAnyWorkflowPassedArgs()">
               </Test>
               <Test
                  Identifier = "SwiftCurrent_NavigationLinkTests/testWorkflowRelaunchesWhenAbandoned_WithAConstantOfTrue()">
               </Test>
               <Test
                  Identifier = "SwiftCurrent_NavigationLinkTests/testWorkflowRelaunchesWhenSubsequentlyLaunched()">
               </Test>
               <Test
                  Identifier = "SwiftCurrent_NavigationLinkTests/testWorkflowSetsBindingBooleanToFalseWhenAbandoned()">
               </Test>
            </SkippedTests>
         </TestableReference>
      </Testables>
   </TestAction>
   <LaunchAction
      buildConfiguration = "Debug"
      selectedDebuggerIdentifier = "Xcode.DebuggerFoundation.Debugger.LLDB"
      selectedLauncherIdentifier = "Xcode.DebuggerFoundation.Launcher.LLDB"
      launchStyle = "0"
      useCustomWorkingDirectory = "NO"
      ignoresPersistentStateOnLaunch = "NO"
      debugDocumentVersioning = "YES"
      debugServiceExtension = "internal"
      allowLocationSimulation = "YES">
   </LaunchAction>
   <ProfileAction
      buildConfiguration = "Release"
      shouldUseLaunchSchemeArgsEnv = "YES"
      savedToolIdentifier = ""
      useCustomWorkingDirectory = "NO"
      debugDocumentVersioning = "YES">
      <MacroExpansion>
         <BuildableReference
            BuildableIdentifier = "primary"
            BlueprintIdentifier = "SwiftCurrent_SwiftUI"
            BuildableName = "SwiftCurrent_SwiftUI"
            BlueprintName = "SwiftCurrent_SwiftUI"
            ReferencedContainer = "container:">
         </BuildableReference>
      </MacroExpansion>
   </ProfileAction>
   <AnalyzeAction
      buildConfiguration = "Debug">
   </AnalyzeAction>
   <ArchiveAction
      buildConfiguration = "Release"
      revealArchiveInOrganizer = "YES">
   </ArchiveAction>
</Scheme>
