// !$*UTF8*$!
{
	archiveVersion = 1;
	classes = {
	};
	objectVersion = 52;
	objects = {

/* Begin PBXBuildFile section */
		CA0536F426A0887800BF8FC5 /* ProfileFeatureView.swift in Sources */ = {isa = PBXBuildFile; fileRef = CA0536F326A0887800BF8FC5 /* ProfileFeatureView.swift */; };
		CA0536F626A0888200BF8FC5 /* ProfileFeatureOnboardingView.swift in Sources */ = {isa = PBXBuildFile; fileRef = CA0536F526A0888200BF8FC5 /* ProfileFeatureOnboardingView.swift */; };
		CA0536FB26A0919900BF8FC5 /* AccountInformationView.swift in Sources */ = {isa = PBXBuildFile; fileRef = CA0536FA26A0919900BF8FC5 /* AccountInformationView.swift */; };
		CA238D1426A1153B000A36EC /* ContentViewTests.swift in Sources */ = {isa = PBXBuildFile; fileRef = CA238D1326A1153B000A36EC /* ContentViewTests.swift */; };
		CA4B40B926A09E5800B18626 /* ChangeUsernameView.swift in Sources */ = {isa = PBXBuildFile; fileRef = CA4B40B826A09E5800B18626 /* ChangeUsernameView.swift */; };
		CA7B820D26A11C53005AA87D /* ProfileFeatureViewTests.swift in Sources */ = {isa = PBXBuildFile; fileRef = CA7B820C26A11C53005AA87D /* ProfileFeatureViewTests.swift */; };
		CA7B821026A123F6005AA87D /* InspectableSheet.swift in Sources */ = {isa = PBXBuildFile; fileRef = CA7B820F26A123F6005AA87D /* InspectableSheet.swift */; };
		CA7B821226A12642005AA87D /* QRScanningViewTests.swift in Sources */ = {isa = PBXBuildFile; fileRef = CA7B821126A12642005AA87D /* QRScanningViewTests.swift */; };
		CA7B821426A12DEC005AA87D /* AccountInformationViewTests.swift in Sources */ = {isa = PBXBuildFile; fileRef = CA7B821326A12DEC005AA87D /* AccountInformationViewTests.swift */; };
		CA7B829D26A1E1D6005AA87D /* ChangeUsernameViewTests.swift in Sources */ = {isa = PBXBuildFile; fileRef = CA7B829C26A1E1D6005AA87D /* ChangeUsernameViewTests.swift */; };
		CA7B829F26A1FAAC005AA87D /* InspectableAlert.swift in Sources */ = {isa = PBXBuildFile; fileRef = CA7B829E26A1FAAC005AA87D /* InspectableAlert.swift */; };
		CA7B82A126A1FB97005AA87D /* MFAViewTests.swift in Sources */ = {isa = PBXBuildFile; fileRef = CA7B82A026A1FB97005AA87D /* MFAViewTests.swift */; };
		CA7B82A526A2061B005AA87D /* MFAView.swift in Sources */ = {isa = PBXBuildFile; fileRef = CA7B82A426A2061B005AA87D /* MFAView.swift */; };
		CA84D8E326A0E3F5006CF964 /* QRScannerFeatureOnboardingViewTests.swift in Sources */ = {isa = PBXBuildFile; fileRef = CA84D8E226A0E3F5006CF964 /* QRScannerFeatureOnboardingViewTests.swift */; };
		CA84D8E526A0E5A8006CF964 /* MapFeatureOnboardingViewTests.swift in Sources */ = {isa = PBXBuildFile; fileRef = CA84D8E426A0E5A8006CF964 /* MapFeatureOnboardingViewTests.swift */; };
		CA84D8E726A0E72A006CF964 /* MapFeatureViewTests.swift in Sources */ = {isa = PBXBuildFile; fileRef = CA84D8E626A0E72A006CF964 /* MapFeatureViewTests.swift */; };
		CA84D8E926A0ED66006CF964 /* ChangePasswordViewTests.swift in Sources */ = {isa = PBXBuildFile; fileRef = CA84D8E826A0ED66006CF964 /* ChangePasswordViewTests.swift */; };
		CAC34B4326A07F830039A373 /* SwiftUIExampleApp.swift in Sources */ = {isa = PBXBuildFile; fileRef = CAC34B4226A07F830039A373 /* SwiftUIExampleApp.swift */; };
		CAC34B4726A07F830039A373 /* Assets.xcassets in Resources */ = {isa = PBXBuildFile; fileRef = CAC34B4626A07F830039A373 /* Assets.xcassets */; };
		CAC34B4A26A07F830039A373 /* Preview Assets.xcassets in Resources */ = {isa = PBXBuildFile; fileRef = CAC34B4926A07F830039A373 /* Preview Assets.xcassets */; };
		CAC34B7326A07FE90039A373 /* QRScannerFeatureView.swift in Sources */ = {isa = PBXBuildFile; fileRef = CAC34B6E26A07FE90039A373 /* QRScannerFeatureView.swift */; };
		CAC34B7426A07FE90039A373 /* QRScannerFeatureOnboardingView.swift in Sources */ = {isa = PBXBuildFile; fileRef = CAC34B6F26A07FE90039A373 /* QRScannerFeatureOnboardingView.swift */; };
		CAC34B7526A07FE90039A373 /* MapFeatureOnboardingView.swift in Sources */ = {isa = PBXBuildFile; fileRef = CAC34B7026A07FE90039A373 /* MapFeatureOnboardingView.swift */; };
		CAC34B7626A07FE90039A373 /* ContentView.swift in Sources */ = {isa = PBXBuildFile; fileRef = CAC34B7126A07FE90039A373 /* ContentView.swift */; };
		CAC34B7726A07FE90039A373 /* MapFeatureView.swift in Sources */ = {isa = PBXBuildFile; fileRef = CAC34B7226A07FE90039A373 /* MapFeatureView.swift */; };
		CAC34B7A26A0801E0039A373 /* ViewInspector in Frameworks */ = {isa = PBXBuildFile; productRef = CAC34B7926A0801E0039A373 /* ViewInspector */; };
		CAC34B7D26A0803C0039A373 /* CodeScanner in Frameworks */ = {isa = PBXBuildFile; productRef = CAC34B7C26A0803C0039A373 /* CodeScanner */; };
		CAC34B8226A080910039A373 /* BETA_SwiftCurrent_SwiftUI in Frameworks */ = {isa = PBXBuildFile; productRef = CAC34B8126A080910039A373 /* BETA_SwiftCurrent_SwiftUI */; };
		CAC34B8426A080910039A373 /* SwiftCurrent in Frameworks */ = {isa = PBXBuildFile; productRef = CAC34B8326A080910039A373 /* SwiftCurrent */; };
		CAC68D7A26BEDAA1005955F3 /* UIKitInteropProgrammaticViewController.swift in Sources */ = {isa = PBXBuildFile; fileRef = CAC68D7926BEDAA1005955F3 /* UIKitInteropProgrammaticViewController.swift */; };
		CAC68D7C26BEDAF0005955F3 /* SwiftCurrent_UIKit in Frameworks */ = {isa = PBXBuildFile; productRef = CAC68D7B26BEDAF0005955F3 /* SwiftCurrent_UIKit */; };
		CAC68D7E26BEF558005955F3 /* UIKitInteropTests.swift in Sources */ = {isa = PBXBuildFile; fileRef = CAC68D7D26BEF558005955F3 /* UIKitInteropTests.swift */; };
		CAC68D8126BEF5B8005955F3 /* UIUTest in Frameworks */ = {isa = PBXBuildFile; productRef = CAC68D8026BEF5B8005955F3 /* UIUTest */; };
		CAC68D8726BEF7FC005955F3 /* TopViewController.swift in Sources */ = {isa = PBXBuildFile; fileRef = CAC68D8326BEF7FC005955F3 /* TopViewController.swift */; };
		CAC68D8826BEF7FC005955F3 /* WaitUntil.swift in Sources */ = {isa = PBXBuildFile; fileRef = CAC68D8426BEF7FC005955F3 /* WaitUntil.swift */; };
		CAC68D8926BEF7FC005955F3 /* UIKitAssertions.swift in Sources */ = {isa = PBXBuildFile; fileRef = CAC68D8526BEF7FC005955F3 /* UIKitAssertions.swift */; };
		CAC68D8C26BF26F0005955F3 /* UIKitInterop.storyboard in Resources */ = {isa = PBXBuildFile; fileRef = CAC68D8B26BF26F0005955F3 /* UIKitInterop.storyboard */; };
		CAD0269726A0AEE00075B818 /* ChangePasswordView.swift in Sources */ = {isa = PBXBuildFile; fileRef = CAD0269626A0AEE00075B818 /* ChangePasswordView.swift */; };
		CAD0269A26A0BE390075B818 /* Swinject in Frameworks */ = {isa = PBXBuildFile; productRef = CAD0269926A0BE390075B818 /* Swinject */; };
		CAD0269F26A0BE810075B818 /* ContainerExtensions.swift in Sources */ = {isa = PBXBuildFile; fileRef = CAD0269E26A0BE810075B818 /* ContainerExtensions.swift */; };
		CAD026A126A0BE9A0075B818 /* DependencyInjected.swift in Sources */ = {isa = PBXBuildFile; fileRef = CAD026A026A0BE9A0075B818 /* DependencyInjected.swift */; };
		CAD026A326A0BEB50075B818 /* DependencyInjectionTests.swift in Sources */ = {isa = PBXBuildFile; fileRef = CAD026A226A0BEB50075B818 /* DependencyInjectionTests.swift */; };
		CAD026A626A0C1EF0075B818 /* ProfileFeatureOnboardingViewTests.swift in Sources */ = {isa = PBXBuildFile; fileRef = CAD026A526A0C1EF0075B818 /* ProfileFeatureOnboardingViewTests.swift */; };
		CAD026AC26A0C83B0075B818 /* Inspection.swift in Sources */ = {isa = PBXBuildFile; fileRef = CAD026AB26A0C83B0075B818 /* Inspection.swift */; };
		CAD026AF26A0C8680075B818 /* InspectableExtensions.swift in Sources */ = {isa = PBXBuildFile; fileRef = CAD026AE26A0C8680075B818 /* InspectableExtensions.swift */; };
		CAD026B126A0C8960075B818 /* ViewHostingExtensions.swift in Sources */ = {isa = PBXBuildFile; fileRef = CAD026B026A0C8960075B818 /* ViewHostingExtensions.swift */; };
		D74A4D5C26A7315F00010617 /* TestConstant.swift in Sources */ = {isa = PBXBuildFile; fileRef = D74A4D5B26A7315F00010617 /* TestConstant.swift */; };
/* End PBXBuildFile section */

/* Begin PBXContainerItemProxy section */
		CAC34B5126A07F840039A373 /* PBXContainerItemProxy */ = {
			isa = PBXContainerItemProxy;
			containerPortal = CAC34B3726A07F830039A373 /* Project object */;
			proxyType = 1;
			remoteGlobalIDString = CAC34B3E26A07F830039A373;
			remoteInfo = SwiftUIExample;
		};
/* End PBXContainerItemProxy section */

/* Begin PBXFileReference section */
		CA0536F326A0887800BF8FC5 /* ProfileFeatureView.swift */ = {isa = PBXFileReference; lastKnownFileType = sourcecode.swift; path = ProfileFeatureView.swift; sourceTree = "<group>"; };
		CA0536F526A0888200BF8FC5 /* ProfileFeatureOnboardingView.swift */ = {isa = PBXFileReference; lastKnownFileType = sourcecode.swift; path = ProfileFeatureOnboardingView.swift; sourceTree = "<group>"; };
		CA0536FA26A0919900BF8FC5 /* AccountInformationView.swift */ = {isa = PBXFileReference; lastKnownFileType = sourcecode.swift; path = AccountInformationView.swift; sourceTree = "<group>"; };
		CA238D1326A1153B000A36EC /* ContentViewTests.swift */ = {isa = PBXFileReference; lastKnownFileType = sourcecode.swift; path = ContentViewTests.swift; sourceTree = "<group>"; };
		CA4B40B826A09E5800B18626 /* ChangeUsernameView.swift */ = {isa = PBXFileReference; lastKnownFileType = sourcecode.swift; path = ChangeUsernameView.swift; sourceTree = "<group>"; };
		CA7B820C26A11C53005AA87D /* ProfileFeatureViewTests.swift */ = {isa = PBXFileReference; lastKnownFileType = sourcecode.swift; path = ProfileFeatureViewTests.swift; sourceTree = "<group>"; };
		CA7B820F26A123F6005AA87D /* InspectableSheet.swift */ = {isa = PBXFileReference; lastKnownFileType = sourcecode.swift; path = InspectableSheet.swift; sourceTree = "<group>"; };
		CA7B821126A12642005AA87D /* QRScanningViewTests.swift */ = {isa = PBXFileReference; lastKnownFileType = sourcecode.swift; path = QRScanningViewTests.swift; sourceTree = "<group>"; };
		CA7B821326A12DEC005AA87D /* AccountInformationViewTests.swift */ = {isa = PBXFileReference; lastKnownFileType = sourcecode.swift; path = AccountInformationViewTests.swift; sourceTree = "<group>"; };
		CA7B829C26A1E1D6005AA87D /* ChangeUsernameViewTests.swift */ = {isa = PBXFileReference; lastKnownFileType = sourcecode.swift; path = ChangeUsernameViewTests.swift; sourceTree = "<group>"; };
		CA7B829E26A1FAAC005AA87D /* InspectableAlert.swift */ = {isa = PBXFileReference; lastKnownFileType = sourcecode.swift; path = InspectableAlert.swift; sourceTree = "<group>"; };
		CA7B82A026A1FB97005AA87D /* MFAViewTests.swift */ = {isa = PBXFileReference; lastKnownFileType = sourcecode.swift; path = MFAViewTests.swift; sourceTree = "<group>"; };
		CA7B82A426A2061B005AA87D /* MFAView.swift */ = {isa = PBXFileReference; fileEncoding = 4; lastKnownFileType = sourcecode.swift; path = MFAView.swift; sourceTree = "<group>"; };
		CA84D8E226A0E3F5006CF964 /* QRScannerFeatureOnboardingViewTests.swift */ = {isa = PBXFileReference; lastKnownFileType = sourcecode.swift; path = QRScannerFeatureOnboardingViewTests.swift; sourceTree = "<group>"; };
		CA84D8E426A0E5A8006CF964 /* MapFeatureOnboardingViewTests.swift */ = {isa = PBXFileReference; lastKnownFileType = sourcecode.swift; path = MapFeatureOnboardingViewTests.swift; sourceTree = "<group>"; };
		CA84D8E626A0E72A006CF964 /* MapFeatureViewTests.swift */ = {isa = PBXFileReference; lastKnownFileType = sourcecode.swift; path = MapFeatureViewTests.swift; sourceTree = "<group>"; };
		CA84D8E826A0ED66006CF964 /* ChangePasswordViewTests.swift */ = {isa = PBXFileReference; lastKnownFileType = sourcecode.swift; path = ChangePasswordViewTests.swift; sourceTree = "<group>"; };
		CAC34B3F26A07F830039A373 /* SwiftUIExample.app */ = {isa = PBXFileReference; explicitFileType = wrapper.application; includeInIndex = 0; path = SwiftUIExample.app; sourceTree = BUILT_PRODUCTS_DIR; };
		CAC34B4226A07F830039A373 /* SwiftUIExampleApp.swift */ = {isa = PBXFileReference; lastKnownFileType = sourcecode.swift; path = SwiftUIExampleApp.swift; sourceTree = "<group>"; };
		CAC34B4626A07F830039A373 /* Assets.xcassets */ = {isa = PBXFileReference; lastKnownFileType = folder.assetcatalog; path = Assets.xcassets; sourceTree = "<group>"; };
		CAC34B4926A07F830039A373 /* Preview Assets.xcassets */ = {isa = PBXFileReference; lastKnownFileType = folder.assetcatalog; path = "Preview Assets.xcassets"; sourceTree = "<group>"; };
		CAC34B4B26A07F830039A373 /* Info.plist */ = {isa = PBXFileReference; lastKnownFileType = text.plist.xml; path = Info.plist; sourceTree = "<group>"; };
		CAC34B5026A07F840039A373 /* SwiftUIExampleTests.xctest */ = {isa = PBXFileReference; explicitFileType = wrapper.cfbundle; includeInIndex = 0; path = SwiftUIExampleTests.xctest; sourceTree = BUILT_PRODUCTS_DIR; };
		CAC34B5626A07F840039A373 /* Info.plist */ = {isa = PBXFileReference; lastKnownFileType = text.plist.xml; path = Info.plist; sourceTree = "<group>"; };
		CAC34B6E26A07FE90039A373 /* QRScannerFeatureView.swift */ = {isa = PBXFileReference; fileEncoding = 4; lastKnownFileType = sourcecode.swift; path = QRScannerFeatureView.swift; sourceTree = "<group>"; };
		CAC34B6F26A07FE90039A373 /* QRScannerFeatureOnboardingView.swift */ = {isa = PBXFileReference; fileEncoding = 4; lastKnownFileType = sourcecode.swift; path = QRScannerFeatureOnboardingView.swift; sourceTree = "<group>"; };
		CAC34B7026A07FE90039A373 /* MapFeatureOnboardingView.swift */ = {isa = PBXFileReference; fileEncoding = 4; lastKnownFileType = sourcecode.swift; path = MapFeatureOnboardingView.swift; sourceTree = "<group>"; };
		CAC34B7126A07FE90039A373 /* ContentView.swift */ = {isa = PBXFileReference; fileEncoding = 4; lastKnownFileType = sourcecode.swift; path = ContentView.swift; sourceTree = "<group>"; };
		CAC34B7226A07FE90039A373 /* MapFeatureView.swift */ = {isa = PBXFileReference; fileEncoding = 4; lastKnownFileType = sourcecode.swift; path = MapFeatureView.swift; sourceTree = "<group>"; };
		CAC68D7926BEDAA1005955F3 /* UIKitInteropProgrammaticViewController.swift */ = {isa = PBXFileReference; lastKnownFileType = sourcecode.swift; path = UIKitInteropProgrammaticViewController.swift; sourceTree = "<group>"; };
		CAC68D7D26BEF558005955F3 /* UIKitInteropTests.swift */ = {isa = PBXFileReference; lastKnownFileType = sourcecode.swift; path = UIKitInteropTests.swift; sourceTree = "<group>"; };
		CAC68D8326BEF7FC005955F3 /* TopViewController.swift */ = {isa = PBXFileReference; fileEncoding = 4; lastKnownFileType = sourcecode.swift; path = TopViewController.swift; sourceTree = "<group>"; };
		CAC68D8426BEF7FC005955F3 /* WaitUntil.swift */ = {isa = PBXFileReference; fileEncoding = 4; lastKnownFileType = sourcecode.swift; path = WaitUntil.swift; sourceTree = "<group>"; };
		CAC68D8526BEF7FC005955F3 /* UIKitAssertions.swift */ = {isa = PBXFileReference; fileEncoding = 4; lastKnownFileType = sourcecode.swift; path = UIKitAssertions.swift; sourceTree = "<group>"; };
		CAC68D8B26BF26F0005955F3 /* UIKitInterop.storyboard */ = {isa = PBXFileReference; lastKnownFileType = file.storyboard; path = UIKitInterop.storyboard; sourceTree = "<group>"; };
		CAD0269626A0AEE00075B818 /* ChangePasswordView.swift */ = {isa = PBXFileReference; lastKnownFileType = sourcecode.swift; path = ChangePasswordView.swift; sourceTree = "<group>"; };
		CAD0269E26A0BE810075B818 /* ContainerExtensions.swift */ = {isa = PBXFileReference; lastKnownFileType = sourcecode.swift; path = ContainerExtensions.swift; sourceTree = "<group>"; };
		CAD026A026A0BE9A0075B818 /* DependencyInjected.swift */ = {isa = PBXFileReference; lastKnownFileType = sourcecode.swift; path = DependencyInjected.swift; sourceTree = "<group>"; };
		CAD026A226A0BEB50075B818 /* DependencyInjectionTests.swift */ = {isa = PBXFileReference; lastKnownFileType = sourcecode.swift; path = DependencyInjectionTests.swift; sourceTree = "<group>"; };
		CAD026A526A0C1EF0075B818 /* ProfileFeatureOnboardingViewTests.swift */ = {isa = PBXFileReference; lastKnownFileType = sourcecode.swift; path = ProfileFeatureOnboardingViewTests.swift; sourceTree = "<group>"; };
		CAD026AB26A0C83B0075B818 /* Inspection.swift */ = {isa = PBXFileReference; lastKnownFileType = sourcecode.swift; path = Inspection.swift; sourceTree = "<group>"; };
		CAD026AE26A0C8680075B818 /* InspectableExtensions.swift */ = {isa = PBXFileReference; lastKnownFileType = sourcecode.swift; path = InspectableExtensions.swift; sourceTree = "<group>"; };
		CAD026B026A0C8960075B818 /* ViewHostingExtensions.swift */ = {isa = PBXFileReference; lastKnownFileType = sourcecode.swift; path = ViewHostingExtensions.swift; sourceTree = "<group>"; };
		D74A4D5B26A7315F00010617 /* TestConstant.swift */ = {isa = PBXFileReference; lastKnownFileType = sourcecode.swift; path = TestConstant.swift; sourceTree = "<group>"; };
		D74A4D5D26A7471700010617 /* README.md */ = {isa = PBXFileReference; lastKnownFileType = net.daringfireball.markdown; path = README.md; sourceTree = "<group>"; };
/* End PBXFileReference section */

/* Begin PBXFrameworksBuildPhase section */
		CAC34B3C26A07F830039A373 /* Frameworks */ = {
			isa = PBXFrameworksBuildPhase;
			buildActionMask = 2147483647;
			files = (
				CAC34B8226A080910039A373 /* BETA_SwiftCurrent_SwiftUI in Frameworks */,
				CAC68D7C26BEDAF0005955F3 /* SwiftCurrent_UIKit in Frameworks */,
				CAC34B8426A080910039A373 /* SwiftCurrent in Frameworks */,
				CAC34B7D26A0803C0039A373 /* CodeScanner in Frameworks */,
				CAD0269A26A0BE390075B818 /* Swinject in Frameworks */,
			);
			runOnlyForDeploymentPostprocessing = 0;
		};
		CAC34B4D26A07F840039A373 /* Frameworks */ = {
			isa = PBXFrameworksBuildPhase;
			buildActionMask = 2147483647;
			files = (
				CAC68D8126BEF5B8005955F3 /* UIUTest in Frameworks */,
				CAC34B7A26A0801E0039A373 /* ViewInspector in Frameworks */,
			);
			runOnlyForDeploymentPostprocessing = 0;
		};
/* End PBXFrameworksBuildPhase section */

/* Begin PBXGroup section */
		CA0536F926A0917A00BF8FC5 /* Profile */ = {
			isa = PBXGroup;
			children = (
				CA0536F326A0887800BF8FC5 /* ProfileFeatureView.swift */,
				CA0536F526A0888200BF8FC5 /* ProfileFeatureOnboardingView.swift */,
				CA0536FA26A0919900BF8FC5 /* AccountInformationView.swift */,
				CA4B40B826A09E5800B18626 /* ChangeUsernameView.swift */,
				CAD0269626A0AEE00075B818 /* ChangePasswordView.swift */,
			);
			path = Profile;
			sourceTree = "<group>";
		};
		CAC34B3626A07F830039A373 = {
			isa = PBXGroup;
			children = (
				D74A4D5D26A7471700010617 /* README.md */,
				CAC34B4126A07F830039A373 /* SwiftUIExample */,
				CAC34B5326A07F840039A373 /* SwiftUIExampleTests */,
				CAC34B4026A07F830039A373 /* Products */,
				CAC34B8026A080910039A373 /* Frameworks */,
			);
			sourceTree = "<group>";
		};
		CAC34B4026A07F830039A373 /* Products */ = {
			isa = PBXGroup;
			children = (
				CAC34B3F26A07F830039A373 /* SwiftUIExample.app */,
				CAC34B5026A07F840039A373 /* SwiftUIExampleTests.xctest */,
			);
			name = Products;
			sourceTree = "<group>";
		};
		CAC34B4126A07F830039A373 /* SwiftUIExample */ = {
			isa = PBXGroup;
			children = (
				CAC68D7826BEDA8B005955F3 /* UIKitInterop */,
				CAD026AA26A0C7F80075B818 /* ViewInspector */,
				CAD0269D26A0BE610075B818 /* DependencyInjection */,
				CAC34B6D26A07FE90039A373 /* Views */,
				CAC34B4226A07F830039A373 /* SwiftUIExampleApp.swift */,
				CAC34B4626A07F830039A373 /* Assets.xcassets */,
				CAC34B4B26A07F830039A373 /* Info.plist */,
				CAC34B4826A07F830039A373 /* Preview Content */,
			);
			path = SwiftUIExample;
			sourceTree = "<group>";
		};
		CAC34B4826A07F830039A373 /* Preview Content */ = {
			isa = PBXGroup;
			children = (
				CAC34B4926A07F830039A373 /* Preview Assets.xcassets */,
			);
			path = "Preview Content";
			sourceTree = "<group>";
		};
		CAC34B5326A07F840039A373 /* SwiftUIExampleTests */ = {
			isa = PBXGroup;
			children = (
				CAC68D8226BEF7FC005955F3 /* TestUtilities */,
				CAD026AD26A0C8570075B818 /* ViewInspector */,
				CAD026A426A0C1E30075B818 /* Views */,
				CAC34B5626A07F840039A373 /* Info.plist */,
				CAD026A226A0BEB50075B818 /* DependencyInjectionTests.swift */,
				D74A4D5B26A7315F00010617 /* TestConstant.swift */,
				CAC68D7D26BEF558005955F3 /* UIKitInteropTests.swift */,
				CAC68D8B26BF26F0005955F3 /* UIKitInterop.storyboard */,
			);
			path = SwiftUIExampleTests;
			sourceTree = "<group>";
		};
		CAC34B6D26A07FE90039A373 /* Views */ = {
			isa = PBXGroup;
			children = (
				CA0536F926A0917A00BF8FC5 /* Profile */,
				CAC34B6E26A07FE90039A373 /* QRScannerFeatureView.swift */,
				CAC34B6F26A07FE90039A373 /* QRScannerFeatureOnboardingView.swift */,
				CAC34B7026A07FE90039A373 /* MapFeatureOnboardingView.swift */,
				CAC34B7126A07FE90039A373 /* ContentView.swift */,
				CAC34B7226A07FE90039A373 /* MapFeatureView.swift */,
				CA7B82A426A2061B005AA87D /* MFAView.swift */,
			);
			path = Views;
			sourceTree = SOURCE_ROOT;
		};
		CAC34B8026A080910039A373 /* Frameworks */ = {
			isa = PBXGroup;
			children = (
			);
			name = Frameworks;
			sourceTree = "<group>";
		};
		CAC68D7826BEDA8B005955F3 /* UIKitInterop */ = {
			isa = PBXGroup;
			children = (
				CAC68D7926BEDAA1005955F3 /* UIKitInteropProgrammaticViewController.swift */,
			);
			path = UIKitInterop;
			sourceTree = "<group>";
		};
		CAC68D8226BEF7FC005955F3 /* TestUtilities */ = {
			isa = PBXGroup;
			children = (
				CAC68D8326BEF7FC005955F3 /* TopViewController.swift */,
				CAC68D8426BEF7FC005955F3 /* WaitUntil.swift */,
				CAC68D8526BEF7FC005955F3 /* UIKitAssertions.swift */,
			);
			name = TestUtilities;
			path = ../../UIKitExample/SwiftCurrent_UIKitTests/TestUtilities;
			sourceTree = "<group>";
		};
		CAD0269D26A0BE610075B818 /* DependencyInjection */ = {
			isa = PBXGroup;
			children = (
				CAD0269E26A0BE810075B818 /* ContainerExtensions.swift */,
				CAD026A026A0BE9A0075B818 /* DependencyInjected.swift */,
			);
			path = DependencyInjection;
			sourceTree = "<group>";
		};
		CAD026A426A0C1E30075B818 /* Views */ = {
			isa = PBXGroup;
			children = (
				CAD026A526A0C1EF0075B818 /* ProfileFeatureOnboardingViewTests.swift */,
				CA84D8E226A0E3F5006CF964 /* QRScannerFeatureOnboardingViewTests.swift */,
				CA84D8E426A0E5A8006CF964 /* MapFeatureOnboardingViewTests.swift */,
				CA84D8E626A0E72A006CF964 /* MapFeatureViewTests.swift */,
				CA84D8E826A0ED66006CF964 /* ChangePasswordViewTests.swift */,
				CA238D1326A1153B000A36EC /* ContentViewTests.swift */,
				CA7B820C26A11C53005AA87D /* ProfileFeatureViewTests.swift */,
				CA7B821126A12642005AA87D /* QRScanningViewTests.swift */,
				CA7B821326A12DEC005AA87D /* AccountInformationViewTests.swift */,
				CA7B829C26A1E1D6005AA87D /* ChangeUsernameViewTests.swift */,
				CA7B82A026A1FB97005AA87D /* MFAViewTests.swift */,
			);
			path = Views;
			sourceTree = "<group>";
		};
		CAD026AA26A0C7F80075B818 /* ViewInspector */ = {
			isa = PBXGroup;
			children = (
				CAD026AB26A0C83B0075B818 /* Inspection.swift */,
				CA7B820F26A123F6005AA87D /* InspectableSheet.swift */,
				CA7B829E26A1FAAC005AA87D /* InspectableAlert.swift */,
			);
			path = ViewInspector;
			sourceTree = "<group>";
		};
		CAD026AD26A0C8570075B818 /* ViewInspector */ = {
			isa = PBXGroup;
			children = (
				CAD026AE26A0C8680075B818 /* InspectableExtensions.swift */,
				CAD026B026A0C8960075B818 /* ViewHostingExtensions.swift */,
			);
			path = ViewInspector;
			sourceTree = "<group>";
		};
/* End PBXGroup section */

/* Begin PBXNativeTarget section */
		CAC34B3E26A07F830039A373 /* SwiftUIExample */ = {
			isa = PBXNativeTarget;
			buildConfigurationList = CAC34B6426A07F840039A373 /* Build configuration list for PBXNativeTarget "SwiftUIExample" */;
			buildPhases = (
				CAC34B3B26A07F830039A373 /* Sources */,
				CAC34B3C26A07F830039A373 /* Frameworks */,
				CAC34B3D26A07F830039A373 /* Resources */,
			);
			buildRules = (
			);
			dependencies = (
			);
			name = SwiftUIExample;
			packageProductDependencies = (
				CAC34B7C26A0803C0039A373 /* CodeScanner */,
				CAC34B8126A080910039A373 /* BETA_SwiftCurrent_SwiftUI */,
				CAC34B8326A080910039A373 /* SwiftCurrent */,
				CAD0269926A0BE390075B818 /* Swinject */,
				CAC68D7B26BEDAF0005955F3 /* SwiftCurrent_UIKit */,
			);
			productName = SwiftUIExample;
			productReference = CAC34B3F26A07F830039A373 /* SwiftUIExample.app */;
			productType = "com.apple.product-type.application";
		};
		CAC34B4F26A07F840039A373 /* SwiftUIExampleTests */ = {
			isa = PBXNativeTarget;
			buildConfigurationList = CAC34B6726A07F840039A373 /* Build configuration list for PBXNativeTarget "SwiftUIExampleTests" */;
			buildPhases = (
				CAC34B4C26A07F840039A373 /* Sources */,
				CAC34B4D26A07F840039A373 /* Frameworks */,
				CAC34B4E26A07F840039A373 /* Resources */,
			);
			buildRules = (
			);
			dependencies = (
				CAC34B5226A07F840039A373 /* PBXTargetDependency */,
			);
			name = SwiftUIExampleTests;
			packageProductDependencies = (
				CAC34B7926A0801E0039A373 /* ViewInspector */,
				CAC68D8026BEF5B8005955F3 /* UIUTest */,
			);
			productName = SwiftUIExampleTests;
			productReference = CAC34B5026A07F840039A373 /* SwiftUIExampleTests.xctest */;
			productType = "com.apple.product-type.bundle.unit-test";
		};
/* End PBXNativeTarget section */

/* Begin PBXProject section */
		CAC34B3726A07F830039A373 /* Project object */ = {
			isa = PBXProject;
			attributes = {
				LastSwiftUpdateCheck = 1250;
				LastUpgradeCheck = 1250;
				ORGANIZATIONNAME = "WWT and Tyler Thompson";
				TargetAttributes = {
					CAC34B3E26A07F830039A373 = {
						CreatedOnToolsVersion = 12.5.1;
					};
					CAC34B4F26A07F840039A373 = {
						CreatedOnToolsVersion = 12.5.1;
						TestTargetID = CAC34B3E26A07F830039A373;
					};
				};
			};
			buildConfigurationList = CAC34B3A26A07F830039A373 /* Build configuration list for PBXProject "SwiftUIExample" */;
			compatibilityVersion = "Xcode 9.3";
			developmentRegion = en;
			hasScannedForEncodings = 0;
			knownRegions = (
				en,
				Base,
			);
			mainGroup = CAC34B3626A07F830039A373;
			packageReferences = (
				CAC34B7826A0801E0039A373 /* XCRemoteSwiftPackageReference "ViewInspector" */,
				CAC34B7B26A0803C0039A373 /* XCRemoteSwiftPackageReference "CodeScanner" */,
				CAD0269826A0BE390075B818 /* XCRemoteSwiftPackageReference "Swinject" */,
				CAC68D7F26BEF5B8005955F3 /* XCRemoteSwiftPackageReference "UIUTest" */,
			);
			productRefGroup = CAC34B4026A07F830039A373 /* Products */;
			projectDirPath = "";
			projectRoot = "";
			targets = (
				CAC34B3E26A07F830039A373 /* SwiftUIExample */,
				CAC34B4F26A07F840039A373 /* SwiftUIExampleTests */,
			);
		};
/* End PBXProject section */

/* Begin PBXResourcesBuildPhase section */
		CAC34B3D26A07F830039A373 /* Resources */ = {
			isa = PBXResourcesBuildPhase;
			buildActionMask = 2147483647;
			files = (
				CAC34B4A26A07F830039A373 /* Preview Assets.xcassets in Resources */,
				CAC34B4726A07F830039A373 /* Assets.xcassets in Resources */,
			);
			runOnlyForDeploymentPostprocessing = 0;
		};
		CAC34B4E26A07F840039A373 /* Resources */ = {
			isa = PBXResourcesBuildPhase;
			buildActionMask = 2147483647;
			files = (
				CAC68D8C26BF26F0005955F3 /* UIKitInterop.storyboard in Resources */,
			);
			runOnlyForDeploymentPostprocessing = 0;
		};
/* End PBXResourcesBuildPhase section */

/* Begin PBXSourcesBuildPhase section */
		CAC34B3B26A07F830039A373 /* Sources */ = {
			isa = PBXSourcesBuildPhase;
			buildActionMask = 2147483647;
			files = (
				CA7B829F26A1FAAC005AA87D /* InspectableAlert.swift in Sources */,
				CA0536F626A0888200BF8FC5 /* ProfileFeatureOnboardingView.swift in Sources */,
				CAC34B4326A07F830039A373 /* SwiftUIExampleApp.swift in Sources */,
				CA0536F426A0887800BF8FC5 /* ProfileFeatureView.swift in Sources */,
				CA4B40B926A09E5800B18626 /* ChangeUsernameView.swift in Sources */,
				CAC68D7A26BEDAA1005955F3 /* UIKitInteropProgrammaticViewController.swift in Sources */,
				CA7B821026A123F6005AA87D /* InspectableSheet.swift in Sources */,
				CAD0269726A0AEE00075B818 /* ChangePasswordView.swift in Sources */,
				CAD026AC26A0C83B0075B818 /* Inspection.swift in Sources */,
				CAD0269F26A0BE810075B818 /* ContainerExtensions.swift in Sources */,
				CA0536FB26A0919900BF8FC5 /* AccountInformationView.swift in Sources */,
				CAD026A126A0BE9A0075B818 /* DependencyInjected.swift in Sources */,
				CAC34B7626A07FE90039A373 /* ContentView.swift in Sources */,
				CAC34B7726A07FE90039A373 /* MapFeatureView.swift in Sources */,
				CAC34B7526A07FE90039A373 /* MapFeatureOnboardingView.swift in Sources */,
				CA7B82A526A2061B005AA87D /* MFAView.swift in Sources */,
				CAC34B7326A07FE90039A373 /* QRScannerFeatureView.swift in Sources */,
				CAC34B7426A07FE90039A373 /* QRScannerFeatureOnboardingView.swift in Sources */,
			);
			runOnlyForDeploymentPostprocessing = 0;
		};
		CAC34B4C26A07F840039A373 /* Sources */ = {
			isa = PBXSourcesBuildPhase;
			buildActionMask = 2147483647;
			files = (
				CA7B829D26A1E1D6005AA87D /* ChangeUsernameViewTests.swift in Sources */,
				CAD026AF26A0C8680075B818 /* InspectableExtensions.swift in Sources */,
				CA7B820D26A11C53005AA87D /* ProfileFeatureViewTests.swift in Sources */,
				CA7B821426A12DEC005AA87D /* AccountInformationViewTests.swift in Sources */,
				CA7B821226A12642005AA87D /* QRScanningViewTests.swift in Sources */,
				CAC68D8826BEF7FC005955F3 /* WaitUntil.swift in Sources */,
				CAC68D8926BEF7FC005955F3 /* UIKitAssertions.swift in Sources */,
				CAD026A326A0BEB50075B818 /* DependencyInjectionTests.swift in Sources */,
				CA7B82A126A1FB97005AA87D /* MFAViewTests.swift in Sources */,
				CA84D8E926A0ED66006CF964 /* ChangePasswordViewTests.swift in Sources */,
				CAD026B126A0C8960075B818 /* ViewHostingExtensions.swift in Sources */,
				CAD026A626A0C1EF0075B818 /* ProfileFeatureOnboardingViewTests.swift in Sources */,
				D74A4D5C26A7315F00010617 /* TestConstant.swift in Sources */,
				CA84D8E726A0E72A006CF964 /* MapFeatureViewTests.swift in Sources */,
				CAC68D8726BEF7FC005955F3 /* TopViewController.swift in Sources */,
				CAC68D7E26BEF558005955F3 /* UIKitInteropTests.swift in Sources */,
				CA84D8E326A0E3F5006CF964 /* QRScannerFeatureOnboardingViewTests.swift in Sources */,
				CA238D1426A1153B000A36EC /* ContentViewTests.swift in Sources */,
				CA84D8E526A0E5A8006CF964 /* MapFeatureOnboardingViewTests.swift in Sources */,
			);
			runOnlyForDeploymentPostprocessing = 0;
		};
/* End PBXSourcesBuildPhase section */

/* Begin PBXTargetDependency section */
		CAC34B5226A07F840039A373 /* PBXTargetDependency */ = {
			isa = PBXTargetDependency;
			target = CAC34B3E26A07F830039A373 /* SwiftUIExample */;
			targetProxy = CAC34B5126A07F840039A373 /* PBXContainerItemProxy */;
		};
/* End PBXTargetDependency section */

/* Begin XCBuildConfiguration section */
		CAC34B6226A07F840039A373 /* Debug */ = {
			isa = XCBuildConfiguration;
			buildSettings = {
				ALWAYS_SEARCH_USER_PATHS = NO;
				CLANG_ANALYZER_NONNULL = YES;
				CLANG_ANALYZER_NUMBER_OBJECT_CONVERSION = YES_AGGRESSIVE;
				CLANG_CXX_LANGUAGE_STANDARD = "gnu++14";
				CLANG_CXX_LIBRARY = "libc++";
				CLANG_ENABLE_MODULES = YES;
				CLANG_ENABLE_OBJC_ARC = YES;
				CLANG_ENABLE_OBJC_WEAK = YES;
				CLANG_WARN_BLOCK_CAPTURE_AUTORELEASING = YES;
				CLANG_WARN_BOOL_CONVERSION = YES;
				CLANG_WARN_COMMA = YES;
				CLANG_WARN_CONSTANT_CONVERSION = YES;
				CLANG_WARN_DEPRECATED_OBJC_IMPLEMENTATIONS = YES;
				CLANG_WARN_DIRECT_OBJC_ISA_USAGE = YES_ERROR;
				CLANG_WARN_DOCUMENTATION_COMMENTS = YES;
				CLANG_WARN_EMPTY_BODY = YES;
				CLANG_WARN_ENUM_CONVERSION = YES;
				CLANG_WARN_INFINITE_RECURSION = YES;
				CLANG_WARN_INT_CONVERSION = YES;
				CLANG_WARN_NON_LITERAL_NULL_CONVERSION = YES;
				CLANG_WARN_OBJC_IMPLICIT_RETAIN_SELF = YES;
				CLANG_WARN_OBJC_LITERAL_CONVERSION = YES;
				CLANG_WARN_OBJC_ROOT_CLASS = YES_ERROR;
				CLANG_WARN_QUOTED_INCLUDE_IN_FRAMEWORK_HEADER = YES;
				CLANG_WARN_RANGE_LOOP_ANALYSIS = YES;
				CLANG_WARN_STRICT_PROTOTYPES = YES;
				CLANG_WARN_SUSPICIOUS_MOVE = YES;
				CLANG_WARN_UNGUARDED_AVAILABILITY = YES_AGGRESSIVE;
				CLANG_WARN_UNREACHABLE_CODE = YES;
				CLANG_WARN__DUPLICATE_METHOD_MATCH = YES;
				COPY_PHASE_STRIP = NO;
				DEBUG_INFORMATION_FORMAT = dwarf;
				ENABLE_STRICT_OBJC_MSGSEND = YES;
				ENABLE_TESTABILITY = YES;
				GCC_C_LANGUAGE_STANDARD = gnu11;
				GCC_DYNAMIC_NO_PIC = NO;
				GCC_NO_COMMON_BLOCKS = YES;
				GCC_OPTIMIZATION_LEVEL = 0;
				GCC_PREPROCESSOR_DEFINITIONS = (
					"DEBUG=1",
					"$(inherited)",
				);
				GCC_WARN_64_TO_32_BIT_CONVERSION = YES;
				GCC_WARN_ABOUT_RETURN_TYPE = YES_ERROR;
				GCC_WARN_UNDECLARED_SELECTOR = YES;
				GCC_WARN_UNINITIALIZED_AUTOS = YES_AGGRESSIVE;
				GCC_WARN_UNUSED_FUNCTION = YES;
				GCC_WARN_UNUSED_VARIABLE = YES;
				IPHONEOS_DEPLOYMENT_TARGET = 14.5;
				MTL_ENABLE_DEBUG_INFO = INCLUDE_SOURCE;
				MTL_FAST_MATH = YES;
				ONLY_ACTIVE_ARCH = YES;
				SDKROOT = iphoneos;
				SWIFT_ACTIVE_COMPILATION_CONDITIONS = DEBUG;
				SWIFT_OPTIMIZATION_LEVEL = "-Onone";
			};
			name = Debug;
		};
		CAC34B6326A07F840039A373 /* Release */ = {
			isa = XCBuildConfiguration;
			buildSettings = {
				ALWAYS_SEARCH_USER_PATHS = NO;
				CLANG_ANALYZER_NONNULL = YES;
				CLANG_ANALYZER_NUMBER_OBJECT_CONVERSION = YES_AGGRESSIVE;
				CLANG_CXX_LANGUAGE_STANDARD = "gnu++14";
				CLANG_CXX_LIBRARY = "libc++";
				CLANG_ENABLE_MODULES = YES;
				CLANG_ENABLE_OBJC_ARC = YES;
				CLANG_ENABLE_OBJC_WEAK = YES;
				CLANG_WARN_BLOCK_CAPTURE_AUTORELEASING = YES;
				CLANG_WARN_BOOL_CONVERSION = YES;
				CLANG_WARN_COMMA = YES;
				CLANG_WARN_CONSTANT_CONVERSION = YES;
				CLANG_WARN_DEPRECATED_OBJC_IMPLEMENTATIONS = YES;
				CLANG_WARN_DIRECT_OBJC_ISA_USAGE = YES_ERROR;
				CLANG_WARN_DOCUMENTATION_COMMENTS = YES;
				CLANG_WARN_EMPTY_BODY = YES;
				CLANG_WARN_ENUM_CONVERSION = YES;
				CLANG_WARN_INFINITE_RECURSION = YES;
				CLANG_WARN_INT_CONVERSION = YES;
				CLANG_WARN_NON_LITERAL_NULL_CONVERSION = YES;
				CLANG_WARN_OBJC_IMPLICIT_RETAIN_SELF = YES;
				CLANG_WARN_OBJC_LITERAL_CONVERSION = YES;
				CLANG_WARN_OBJC_ROOT_CLASS = YES_ERROR;
				CLANG_WARN_QUOTED_INCLUDE_IN_FRAMEWORK_HEADER = YES;
				CLANG_WARN_RANGE_LOOP_ANALYSIS = YES;
				CLANG_WARN_STRICT_PROTOTYPES = YES;
				CLANG_WARN_SUSPICIOUS_MOVE = YES;
				CLANG_WARN_UNGUARDED_AVAILABILITY = YES_AGGRESSIVE;
				CLANG_WARN_UNREACHABLE_CODE = YES;
				CLANG_WARN__DUPLICATE_METHOD_MATCH = YES;
				COPY_PHASE_STRIP = NO;
				DEBUG_INFORMATION_FORMAT = "dwarf-with-dsym";
				ENABLE_NS_ASSERTIONS = NO;
				ENABLE_STRICT_OBJC_MSGSEND = YES;
				GCC_C_LANGUAGE_STANDARD = gnu11;
				GCC_NO_COMMON_BLOCKS = YES;
				GCC_WARN_64_TO_32_BIT_CONVERSION = YES;
				GCC_WARN_ABOUT_RETURN_TYPE = YES_ERROR;
				GCC_WARN_UNDECLARED_SELECTOR = YES;
				GCC_WARN_UNINITIALIZED_AUTOS = YES_AGGRESSIVE;
				GCC_WARN_UNUSED_FUNCTION = YES;
				GCC_WARN_UNUSED_VARIABLE = YES;
				IPHONEOS_DEPLOYMENT_TARGET = 14.5;
				MTL_ENABLE_DEBUG_INFO = NO;
				MTL_FAST_MATH = YES;
				SDKROOT = iphoneos;
				SWIFT_COMPILATION_MODE = wholemodule;
				SWIFT_OPTIMIZATION_LEVEL = "-O";
				VALIDATE_PRODUCT = YES;
			};
			name = Release;
		};
		CAC34B6526A07F840039A373 /* Debug */ = {
			isa = XCBuildConfiguration;
			buildSettings = {
				ASSETCATALOG_COMPILER_APPICON_NAME = AppIcon;
				ASSETCATALOG_COMPILER_GLOBAL_ACCENT_COLOR_NAME = AccentColor;
				CODE_SIGN_STYLE = Automatic;
				DEVELOPMENT_ASSET_PATHS = "\"SwiftUIExample/Preview Content\"";
				DEVELOPMENT_TEAM = KRX3M99K22;
				ENABLE_PREVIEWS = YES;
				INFOPLIST_FILE = SwiftUIExample/Info.plist;
				IPHONEOS_DEPLOYMENT_TARGET = 14.0;
				LD_RUNPATH_SEARCH_PATHS = (
					"$(inherited)",
					"@executable_path/Frameworks",
				);
				PRODUCT_BUNDLE_IDENTIFIER = WWT.SwiftUIExample;
				PRODUCT_NAME = "$(TARGET_NAME)";
				SWIFT_VERSION = 5.0;
				TARGETED_DEVICE_FAMILY = "1,2";
			};
			name = Debug;
		};
		CAC34B6626A07F840039A373 /* Release */ = {
			isa = XCBuildConfiguration;
			buildSettings = {
				ASSETCATALOG_COMPILER_APPICON_NAME = AppIcon;
				ASSETCATALOG_COMPILER_GLOBAL_ACCENT_COLOR_NAME = AccentColor;
				CODE_SIGN_STYLE = Automatic;
				DEVELOPMENT_ASSET_PATHS = "\"SwiftUIExample/Preview Content\"";
				DEVELOPMENT_TEAM = KRX3M99K22;
				ENABLE_PREVIEWS = YES;
				INFOPLIST_FILE = SwiftUIExample/Info.plist;
				IPHONEOS_DEPLOYMENT_TARGET = 14.0;
				LD_RUNPATH_SEARCH_PATHS = (
					"$(inherited)",
					"@executable_path/Frameworks",
				);
				PRODUCT_BUNDLE_IDENTIFIER = WWT.SwiftUIExample;
				PRODUCT_NAME = "$(TARGET_NAME)";
				SWIFT_VERSION = 5.0;
				TARGETED_DEVICE_FAMILY = "1,2";
			};
			name = Release;
		};
		CAC34B6826A07F840039A373 /* Debug */ = {
			isa = XCBuildConfiguration;
			buildSettings = {
				ALWAYS_EMBED_SWIFT_STANDARD_LIBRARIES = YES;
				BUNDLE_LOADER = "$(TEST_HOST)";
				CODE_SIGN_STYLE = Automatic;
				DEVELOPMENT_TEAM = KRX3M99K22;
				INFOPLIST_FILE = SwiftUIExampleTests/Info.plist;
				IPHONEOS_DEPLOYMENT_TARGET = 14.0;
				LD_RUNPATH_SEARCH_PATHS = (
					"$(inherited)",
					"@executable_path/Frameworks",
					"@loader_path/Frameworks",
				);
				PRODUCT_BUNDLE_IDENTIFIER = WWT.SwiftUIExampleTests;
				PRODUCT_NAME = "$(TARGET_NAME)";
				SWIFT_VERSION = 5.0;
				TARGETED_DEVICE_FAMILY = "1,2";
				TEST_HOST = "$(BUILT_PRODUCTS_DIR)/SwiftUIExample.app/SwiftUIExample";
			};
			name = Debug;
		};
		CAC34B6926A07F840039A373 /* Release */ = {
			isa = XCBuildConfiguration;
			buildSettings = {
				ALWAYS_EMBED_SWIFT_STANDARD_LIBRARIES = YES;
				BUNDLE_LOADER = "$(TEST_HOST)";
				CODE_SIGN_STYLE = Automatic;
				DEVELOPMENT_TEAM = KRX3M99K22;
				INFOPLIST_FILE = SwiftUIExampleTests/Info.plist;
				IPHONEOS_DEPLOYMENT_TARGET = 14.0;
				LD_RUNPATH_SEARCH_PATHS = (
					"$(inherited)",
					"@executable_path/Frameworks",
					"@loader_path/Frameworks",
				);
				PRODUCT_BUNDLE_IDENTIFIER = WWT.SwiftUIExampleTests;
				PRODUCT_NAME = "$(TARGET_NAME)";
				SWIFT_VERSION = 5.0;
				TARGETED_DEVICE_FAMILY = "1,2";
				TEST_HOST = "$(BUILT_PRODUCTS_DIR)/SwiftUIExample.app/SwiftUIExample";
			};
			name = Release;
		};
/* End XCBuildConfiguration section */

/* Begin XCConfigurationList section */
		CAC34B3A26A07F830039A373 /* Build configuration list for PBXProject "SwiftUIExample" */ = {
			isa = XCConfigurationList;
			buildConfigurations = (
				CAC34B6226A07F840039A373 /* Debug */,
				CAC34B6326A07F840039A373 /* Release */,
			);
			defaultConfigurationIsVisible = 0;
			defaultConfigurationName = Release;
		};
		CAC34B6426A07F840039A373 /* Build configuration list for PBXNativeTarget "SwiftUIExample" */ = {
			isa = XCConfigurationList;
			buildConfigurations = (
				CAC34B6526A07F840039A373 /* Debug */,
				CAC34B6626A07F840039A373 /* Release */,
			);
			defaultConfigurationIsVisible = 0;
			defaultConfigurationName = Release;
		};
		CAC34B6726A07F840039A373 /* Build configuration list for PBXNativeTarget "SwiftUIExampleTests" */ = {
			isa = XCConfigurationList;
			buildConfigurations = (
				CAC34B6826A07F840039A373 /* Debug */,
				CAC34B6926A07F840039A373 /* Release */,
			);
			defaultConfigurationIsVisible = 0;
			defaultConfigurationName = Release;
		};
/* End XCConfigurationList section */

/* Begin XCRemoteSwiftPackageReference section */
		CAC34B7826A0801E0039A373 /* XCRemoteSwiftPackageReference "ViewInspector" */ = {
			isa = XCRemoteSwiftPackageReference;
			repositoryURL = "https://github.com/nalexn/ViewInspector.git";
			requirement = {
				kind = upToNextMajorVersion;
				minimumVersion = 0.8.1;
			};
		};
		CAC34B7B26A0803C0039A373 /* XCRemoteSwiftPackageReference "CodeScanner" */ = {
			isa = XCRemoteSwiftPackageReference;
			repositoryURL = "https://github.com/twostraws/CodeScanner";
			requirement = {
				kind = upToNextMajorVersion;
				minimumVersion = 1.0.7;
			};
		};
		CAC68D7F26BEF5B8005955F3 /* XCRemoteSwiftPackageReference "UIUTest" */ = {
			isa = XCRemoteSwiftPackageReference;
			repositoryURL = "https://github.com/nallick/UIUTest.git";
			requirement = {
				kind = upToNextMajorVersion;
				minimumVersion = 1.8.0;
			};
		};
		CAD0269826A0BE390075B818 /* XCRemoteSwiftPackageReference "Swinject" */ = {
			isa = XCRemoteSwiftPackageReference;
			repositoryURL = "https://github.com/Swinject/Swinject";
			requirement = {
				kind = upToNextMajorVersion;
				minimumVersion = 2.0.0;
			};
		};
/* End XCRemoteSwiftPackageReference section */

/* Begin XCSwiftPackageProductDependency section */
		CAC34B7926A0801E0039A373 /* ViewInspector */ = {
			isa = XCSwiftPackageProductDependency;
			package = CAC34B7826A0801E0039A373 /* XCRemoteSwiftPackageReference "ViewInspector" */;
			productName = ViewInspector;
		};
		CAC34B7C26A0803C0039A373 /* CodeScanner */ = {
			isa = XCSwiftPackageProductDependency;
			package = CAC34B7B26A0803C0039A373 /* XCRemoteSwiftPackageReference "CodeScanner" */;
			productName = CodeScanner;
		};
		CAC34B8126A080910039A373 /* BETA_SwiftCurrent_SwiftUI */ = {
			isa = XCSwiftPackageProductDependency;
			productName = BETA_SwiftCurrent_SwiftUI;
		};
		CAC34B8326A080910039A373 /* SwiftCurrent */ = {
			isa = XCSwiftPackageProductDependency;
			productName = SwiftCurrent;
		};
		CAC68D7B26BEDAF0005955F3 /* SwiftCurrent_UIKit */ = {
			isa = XCSwiftPackageProductDependency;
			productName = SwiftCurrent_UIKit;
		};
		CAC68D8026BEF5B8005955F3 /* UIUTest */ = {
			isa = XCSwiftPackageProductDependency;
			package = CAC68D7F26BEF5B8005955F3 /* XCRemoteSwiftPackageReference "UIUTest" */;
			productName = UIUTest;
		};
		CAD0269926A0BE390075B818 /* Swinject */ = {
			isa = XCSwiftPackageProductDependency;
			package = CAD0269826A0BE390075B818 /* XCRemoteSwiftPackageReference "Swinject" */;
			productName = Swinject;
		};
/* End XCSwiftPackageProductDependency section */
	};
	rootObject = CAC34B3726A07F830039A373 /* Project object */;
}
